// !$*UTF8*$!
{
	archiveVersion = 1;
	classes = {
	};
	objectVersion = 51;
	objects = {

/* Begin PBXBuildFile section */
		184A4DDC2513ACA4008C55CA /* AppDelegate.swift in Sources */ = {isa = PBXBuildFile; fileRef = 184A4DDB2513ACA4008C55CA /* AppDelegate.swift */; };
		184A4DDE2513ACA4008C55CA /* SceneDelegate.swift in Sources */ = {isa = PBXBuildFile; fileRef = 184A4DDD2513ACA4008C55CA /* SceneDelegate.swift */; };
		184A4DE02513ACA4008C55CA /* ViewController.swift in Sources */ = {isa = PBXBuildFile; fileRef = 184A4DDF2513ACA4008C55CA /* ViewController.swift */; };
		184A4DE32513ACA4008C55CA /* Main.storyboard in Resources */ = {isa = PBXBuildFile; fileRef = 184A4DE12513ACA4008C55CA /* Main.storyboard */; };
		184A4DE52513ACA6008C55CA /* Assets.xcassets in Resources */ = {isa = PBXBuildFile; fileRef = 184A4DE42513ACA6008C55CA /* Assets.xcassets */; };
		184A4DE82513ACA6008C55CA /* LaunchScreen.storyboard in Resources */ = {isa = PBXBuildFile; fileRef = 184A4DE62513ACA6008C55CA /* LaunchScreen.storyboard */; };
		184A4DF32513ACA6008C55CA /* FantasmoSDKDemoTests.swift in Sources */ = {isa = PBXBuildFile; fileRef = 184A4DF22513ACA6008C55CA /* FantasmoSDKDemoTests.swift */; };
		184A4DFE2513ACA6008C55CA /* FantasmoSDKDemoUITests.swift in Sources */ = {isa = PBXBuildFile; fileRef = 184A4DFD2513ACA6008C55CA /* FantasmoSDKDemoUITests.swift */; };
		186066862513B2A400EE7A94 /* FantasmoSDK.framework in Frameworks */ = {isa = PBXBuildFile; fileRef = 184A4E122513ACD1008C55CA /* FantasmoSDK.framework */; };
		249F906E2391909BE8A6FD7B /* Pods_FantasmoSDKDemoTests.framework in Frameworks */ = {isa = PBXBuildFile; fileRef = 717172F2ECBD05B4351EC7D2 /* Pods_FantasmoSDKDemoTests.framework */; };
		480DC8BA62D05C83C0020A50 /* Pods_FantasmoSDKDemo.framework in Frameworks */ = {isa = PBXBuildFile; fileRef = 8BAE1F19627E20EB896B49C3 /* Pods_FantasmoSDKDemo.framework */; };
		626F023C0123041E0EE3F769 /* Pods_FantasmoSDKDemo_FantasmoSDKDemoUITests.framework in Frameworks */ = {isa = PBXBuildFile; fileRef = 94F16675CDD95E71986B21F4 /* Pods_FantasmoSDKDemo_FantasmoSDKDemoUITests.framework */; };
/* End PBXBuildFile section */

/* Begin PBXContainerItemProxy section */
		184A4DEF2513ACA6008C55CA /* PBXContainerItemProxy */ = {
			isa = PBXContainerItemProxy;
			containerPortal = 184A4DD02513ACA4008C55CA /* Project object */;
			proxyType = 1;
			remoteGlobalIDString = 184A4DD72513ACA4008C55CA;
			remoteInfo = FantasmoSDKDemo;
		};
		184A4DFA2513ACA6008C55CA /* PBXContainerItemProxy */ = {
			isa = PBXContainerItemProxy;
			containerPortal = 184A4DD02513ACA4008C55CA /* Project object */;
			proxyType = 1;
			remoteGlobalIDString = 184A4DD72513ACA4008C55CA;
			remoteInfo = FantasmoSDKDemo;
		};
		184A4E112513ACD1008C55CA /* PBXContainerItemProxy */ = {
			isa = PBXContainerItemProxy;
			containerPortal = 184A4E0C2513ACD1008C55CA /* FantasmoSDK.xcodeproj */;
			proxyType = 2;
			remoteGlobalIDString = 18764CEC2513A95700F8BA7D;
			remoteInfo = FantasmoSDK;
		};
		184A4E132513ACD1008C55CA /* PBXContainerItemProxy */ = {
			isa = PBXContainerItemProxy;
			containerPortal = 184A4E0C2513ACD1008C55CA /* FantasmoSDK.xcodeproj */;
			proxyType = 2;
			remoteGlobalIDString = 18764CF52513A95800F8BA7D;
			remoteInfo = FantasmoSDKTests;
		};
		186066AD2513B4F900EE7A94 /* PBXContainerItemProxy */ = {
			isa = PBXContainerItemProxy;
			containerPortal = 184A4E0C2513ACD1008C55CA /* FantasmoSDK.xcodeproj */;
			proxyType = 1;
			remoteGlobalIDString = 18764CEB2513A95700F8BA7D;
			remoteInfo = FantasmoSDK;
		};
/* End PBXContainerItemProxy section */

/* Begin PBXFileReference section */
		184A4DD82513ACA4008C55CA /* FantasmoSDKDemo.app */ = {isa = PBXFileReference; explicitFileType = wrapper.application; includeInIndex = 0; path = FantasmoSDKDemo.app; sourceTree = BUILT_PRODUCTS_DIR; };
		184A4DDB2513ACA4008C55CA /* AppDelegate.swift */ = {isa = PBXFileReference; lastKnownFileType = sourcecode.swift; path = AppDelegate.swift; sourceTree = "<group>"; };
		184A4DDD2513ACA4008C55CA /* SceneDelegate.swift */ = {isa = PBXFileReference; lastKnownFileType = sourcecode.swift; path = SceneDelegate.swift; sourceTree = "<group>"; };
		184A4DDF2513ACA4008C55CA /* ViewController.swift */ = {isa = PBXFileReference; lastKnownFileType = sourcecode.swift; path = ViewController.swift; sourceTree = "<group>"; };
		184A4DE22513ACA4008C55CA /* Base */ = {isa = PBXFileReference; lastKnownFileType = file.storyboard; name = Base; path = Base.lproj/Main.storyboard; sourceTree = "<group>"; };
		184A4DE42513ACA6008C55CA /* Assets.xcassets */ = {isa = PBXFileReference; lastKnownFileType = folder.assetcatalog; path = Assets.xcassets; sourceTree = "<group>"; };
		184A4DE72513ACA6008C55CA /* Base */ = {isa = PBXFileReference; lastKnownFileType = file.storyboard; name = Base; path = Base.lproj/LaunchScreen.storyboard; sourceTree = "<group>"; };
		184A4DE92513ACA6008C55CA /* Info.plist */ = {isa = PBXFileReference; lastKnownFileType = text.plist.xml; path = Info.plist; sourceTree = "<group>"; };
		184A4DEE2513ACA6008C55CA /* FantasmoSDKDemoTests.xctest */ = {isa = PBXFileReference; explicitFileType = wrapper.cfbundle; includeInIndex = 0; path = FantasmoSDKDemoTests.xctest; sourceTree = BUILT_PRODUCTS_DIR; };
		184A4DF22513ACA6008C55CA /* FantasmoSDKDemoTests.swift */ = {isa = PBXFileReference; lastKnownFileType = sourcecode.swift; path = FantasmoSDKDemoTests.swift; sourceTree = "<group>"; };
		184A4DF42513ACA6008C55CA /* Info.plist */ = {isa = PBXFileReference; lastKnownFileType = text.plist.xml; path = Info.plist; sourceTree = "<group>"; };
		184A4DF92513ACA6008C55CA /* FantasmoSDKDemoUITests.xctest */ = {isa = PBXFileReference; explicitFileType = wrapper.cfbundle; includeInIndex = 0; path = FantasmoSDKDemoUITests.xctest; sourceTree = BUILT_PRODUCTS_DIR; };
		184A4DFD2513ACA6008C55CA /* FantasmoSDKDemoUITests.swift */ = {isa = PBXFileReference; lastKnownFileType = sourcecode.swift; path = FantasmoSDKDemoUITests.swift; sourceTree = "<group>"; };
		184A4DFF2513ACA6008C55CA /* Info.plist */ = {isa = PBXFileReference; lastKnownFileType = text.plist.xml; path = Info.plist; sourceTree = "<group>"; };
		184A4E0C2513ACD1008C55CA /* FantasmoSDK.xcodeproj */ = {isa = PBXFileReference; lastKnownFileType = "wrapper.pb-project"; name = FantasmoSDK.xcodeproj; path = ../FantasmoSDK/FantasmoSDK.xcodeproj; sourceTree = "<group>"; };
		2EF75E70610821163DC3A44A /* Pods-FantasmoSDKDemo-FantasmoSDKDemoUITests.release.xcconfig */ = {isa = PBXFileReference; includeInIndex = 1; lastKnownFileType = text.xcconfig; name = "Pods-FantasmoSDKDemo-FantasmoSDKDemoUITests.release.xcconfig"; path = "Target Support Files/Pods-FantasmoSDKDemo-FantasmoSDKDemoUITests/Pods-FantasmoSDKDemo-FantasmoSDKDemoUITests.release.xcconfig"; sourceTree = "<group>"; };
		5522C0DCF6CEC45857A58A8D /* Pods-FantasmoSDKDemoTests.release.xcconfig */ = {isa = PBXFileReference; includeInIndex = 1; lastKnownFileType = text.xcconfig; name = "Pods-FantasmoSDKDemoTests.release.xcconfig"; path = "Target Support Files/Pods-FantasmoSDKDemoTests/Pods-FantasmoSDKDemoTests.release.xcconfig"; sourceTree = "<group>"; };
		5537F511832DDBF9084C9869 /* Pods-FantasmoSDKDemo.debug.xcconfig */ = {isa = PBXFileReference; includeInIndex = 1; lastKnownFileType = text.xcconfig; name = "Pods-FantasmoSDKDemo.debug.xcconfig"; path = "Target Support Files/Pods-FantasmoSDKDemo/Pods-FantasmoSDKDemo.debug.xcconfig"; sourceTree = "<group>"; };
		717172F2ECBD05B4351EC7D2 /* Pods_FantasmoSDKDemoTests.framework */ = {isa = PBXFileReference; explicitFileType = wrapper.framework; includeInIndex = 0; path = Pods_FantasmoSDKDemoTests.framework; sourceTree = BUILT_PRODUCTS_DIR; };
		83ECBE39ADEF23C5A9A1DA4C /* Pods-FantasmoSDKDemo-FantasmoSDKDemoUITests.debug.xcconfig */ = {isa = PBXFileReference; includeInIndex = 1; lastKnownFileType = text.xcconfig; name = "Pods-FantasmoSDKDemo-FantasmoSDKDemoUITests.debug.xcconfig"; path = "Target Support Files/Pods-FantasmoSDKDemo-FantasmoSDKDemoUITests/Pods-FantasmoSDKDemo-FantasmoSDKDemoUITests.debug.xcconfig"; sourceTree = "<group>"; };
		8BAE1F19627E20EB896B49C3 /* Pods_FantasmoSDKDemo.framework */ = {isa = PBXFileReference; explicitFileType = wrapper.framework; includeInIndex = 0; path = Pods_FantasmoSDKDemo.framework; sourceTree = BUILT_PRODUCTS_DIR; };
		94F16675CDD95E71986B21F4 /* Pods_FantasmoSDKDemo_FantasmoSDKDemoUITests.framework */ = {isa = PBXFileReference; explicitFileType = wrapper.framework; includeInIndex = 0; path = Pods_FantasmoSDKDemo_FantasmoSDKDemoUITests.framework; sourceTree = BUILT_PRODUCTS_DIR; };
		BA32E26D46ECC6C9F599B8DD /* Pods-FantasmoSDKDemo.release.xcconfig */ = {isa = PBXFileReference; includeInIndex = 1; lastKnownFileType = text.xcconfig; name = "Pods-FantasmoSDKDemo.release.xcconfig"; path = "Target Support Files/Pods-FantasmoSDKDemo/Pods-FantasmoSDKDemo.release.xcconfig"; sourceTree = "<group>"; };
		F28316E312096BEF13C907A6 /* Pods-FantasmoSDKDemoTests.debug.xcconfig */ = {isa = PBXFileReference; includeInIndex = 1; lastKnownFileType = text.xcconfig; name = "Pods-FantasmoSDKDemoTests.debug.xcconfig"; path = "Target Support Files/Pods-FantasmoSDKDemoTests/Pods-FantasmoSDKDemoTests.debug.xcconfig"; sourceTree = "<group>"; };
/* End PBXFileReference section */

/* Begin PBXFrameworksBuildPhase section */
		184A4DD52513ACA4008C55CA /* Frameworks */ = {
			isa = PBXFrameworksBuildPhase;
			buildActionMask = 2147483647;
			files = (
				186066862513B2A400EE7A94 /* FantasmoSDK.framework in Frameworks */,
				480DC8BA62D05C83C0020A50 /* Pods_FantasmoSDKDemo.framework in Frameworks */,
			);
			runOnlyForDeploymentPostprocessing = 0;
		};
		184A4DEB2513ACA6008C55CA /* Frameworks */ = {
			isa = PBXFrameworksBuildPhase;
			buildActionMask = 2147483647;
			files = (
				249F906E2391909BE8A6FD7B /* Pods_FantasmoSDKDemoTests.framework in Frameworks */,
			);
			runOnlyForDeploymentPostprocessing = 0;
		};
		184A4DF62513ACA6008C55CA /* Frameworks */ = {
			isa = PBXFrameworksBuildPhase;
			buildActionMask = 2147483647;
			files = (
				626F023C0123041E0EE3F769 /* Pods_FantasmoSDKDemo_FantasmoSDKDemoUITests.framework in Frameworks */,
			);
			runOnlyForDeploymentPostprocessing = 0;
		};
/* End PBXFrameworksBuildPhase section */

/* Begin PBXGroup section */
		184A4DCF2513ACA4008C55CA = {
			isa = PBXGroup;
			children = (
				184A4E0C2513ACD1008C55CA /* FantasmoSDK.xcodeproj */,
				184A4DDA2513ACA4008C55CA /* FantasmoSDKDemo */,
				184A4DF12513ACA6008C55CA /* FantasmoSDKDemoTests */,
				184A4DFC2513ACA6008C55CA /* FantasmoSDKDemoUITests */,
				184A4DD92513ACA4008C55CA /* Products */,
				184A4E172513ACE3008C55CA /* Frameworks */,
				441A125DD3B8D541E8E40F41 /* Pods */,
			);
			sourceTree = "<group>";
		};
		184A4DD92513ACA4008C55CA /* Products */ = {
			isa = PBXGroup;
			children = (
				184A4DD82513ACA4008C55CA /* FantasmoSDKDemo.app */,
				184A4DEE2513ACA6008C55CA /* FantasmoSDKDemoTests.xctest */,
				184A4DF92513ACA6008C55CA /* FantasmoSDKDemoUITests.xctest */,
			);
			name = Products;
			sourceTree = "<group>";
		};
		184A4DDA2513ACA4008C55CA /* FantasmoSDKDemo */ = {
			isa = PBXGroup;
			children = (
				184A4DDB2513ACA4008C55CA /* AppDelegate.swift */,
				184A4DDD2513ACA4008C55CA /* SceneDelegate.swift */,
				184A4DDF2513ACA4008C55CA /* ViewController.swift */,
				184A4DE12513ACA4008C55CA /* Main.storyboard */,
				184A4DE42513ACA6008C55CA /* Assets.xcassets */,
				184A4DE62513ACA6008C55CA /* LaunchScreen.storyboard */,
				184A4DE92513ACA6008C55CA /* Info.plist */,
			);
			path = FantasmoSDKDemo;
			sourceTree = "<group>";
		};
		184A4DF12513ACA6008C55CA /* FantasmoSDKDemoTests */ = {
			isa = PBXGroup;
			children = (
				184A4DF22513ACA6008C55CA /* FantasmoSDKDemoTests.swift */,
				184A4DF42513ACA6008C55CA /* Info.plist */,
			);
			path = FantasmoSDKDemoTests;
			sourceTree = "<group>";
		};
		184A4DFC2513ACA6008C55CA /* FantasmoSDKDemoUITests */ = {
			isa = PBXGroup;
			children = (
				184A4DFD2513ACA6008C55CA /* FantasmoSDKDemoUITests.swift */,
				184A4DFF2513ACA6008C55CA /* Info.plist */,
			);
			path = FantasmoSDKDemoUITests;
			sourceTree = "<group>";
		};
		184A4E0D2513ACD1008C55CA /* Products */ = {
			isa = PBXGroup;
			children = (
				184A4E122513ACD1008C55CA /* FantasmoSDK.framework */,
				184A4E142513ACD1008C55CA /* FantasmoSDKTests.xctest */,
			);
			name = Products;
			sourceTree = "<group>";
		};
		184A4E172513ACE3008C55CA /* Frameworks */ = {
			isa = PBXGroup;
			children = (
				8BAE1F19627E20EB896B49C3 /* Pods_FantasmoSDKDemo.framework */,
				94F16675CDD95E71986B21F4 /* Pods_FantasmoSDKDemo_FantasmoSDKDemoUITests.framework */,
				717172F2ECBD05B4351EC7D2 /* Pods_FantasmoSDKDemoTests.framework */,
			);
			name = Frameworks;
			sourceTree = "<group>";
		};
		441A125DD3B8D541E8E40F41 /* Pods */ = {
			isa = PBXGroup;
			children = (
				5537F511832DDBF9084C9869 /* Pods-FantasmoSDKDemo.debug.xcconfig */,
				BA32E26D46ECC6C9F599B8DD /* Pods-FantasmoSDKDemo.release.xcconfig */,
				83ECBE39ADEF23C5A9A1DA4C /* Pods-FantasmoSDKDemo-FantasmoSDKDemoUITests.debug.xcconfig */,
				2EF75E70610821163DC3A44A /* Pods-FantasmoSDKDemo-FantasmoSDKDemoUITests.release.xcconfig */,
				F28316E312096BEF13C907A6 /* Pods-FantasmoSDKDemoTests.debug.xcconfig */,
				5522C0DCF6CEC45857A58A8D /* Pods-FantasmoSDKDemoTests.release.xcconfig */,
			);
			path = Pods;
			sourceTree = "<group>";
		};
/* End PBXGroup section */

/* Begin PBXNativeTarget section */
		184A4DD72513ACA4008C55CA /* FantasmoSDKDemo */ = {
			isa = PBXNativeTarget;
			buildConfigurationList = 184A4E022513ACA6008C55CA /* Build configuration list for PBXNativeTarget "FantasmoSDKDemo" */;
			buildPhases = (
				4AC7B85098EB5B225C248B33 /* [CP] Check Pods Manifest.lock */,
				184A4DD42513ACA4008C55CA /* Sources */,
				184A4DD52513ACA4008C55CA /* Frameworks */,
				184A4DD62513ACA4008C55CA /* Resources */,
				4879D0F6FBCC9F417A380C3F /* [CP] Embed Pods Frameworks */,
			);
			buildRules = (
			);
			dependencies = (
				186066AE2513B4F900EE7A94 /* PBXTargetDependency */,
			);
			name = FantasmoSDKDemo;
			productName = FantasmoSDKDemo;
			productReference = 184A4DD82513ACA4008C55CA /* FantasmoSDKDemo.app */;
			productType = "com.apple.product-type.application";
		};
		184A4DED2513ACA6008C55CA /* FantasmoSDKDemoTests */ = {
			isa = PBXNativeTarget;
			buildConfigurationList = 184A4E052513ACA6008C55CA /* Build configuration list for PBXNativeTarget "FantasmoSDKDemoTests" */;
			buildPhases = (
				87A9882558C8B552119C9245 /* [CP] Check Pods Manifest.lock */,
				184A4DEA2513ACA6008C55CA /* Sources */,
				184A4DEB2513ACA6008C55CA /* Frameworks */,
				184A4DEC2513ACA6008C55CA /* Resources */,
			);
			buildRules = (
			);
			dependencies = (
				184A4DF02513ACA6008C55CA /* PBXTargetDependency */,
			);
			name = FantasmoSDKDemoTests;
			productName = FantasmoSDKDemoTests;
			productReference = 184A4DEE2513ACA6008C55CA /* FantasmoSDKDemoTests.xctest */;
			productType = "com.apple.product-type.bundle.unit-test";
		};
		184A4DF82513ACA6008C55CA /* FantasmoSDKDemoUITests */ = {
			isa = PBXNativeTarget;
			buildConfigurationList = 184A4E082513ACA6008C55CA /* Build configuration list for PBXNativeTarget "FantasmoSDKDemoUITests" */;
			buildPhases = (
				A8303F73746AAD561EF489F4 /* [CP] Check Pods Manifest.lock */,
				184A4DF52513ACA6008C55CA /* Sources */,
				184A4DF62513ACA6008C55CA /* Frameworks */,
				184A4DF72513ACA6008C55CA /* Resources */,
				F2A3BF9660FDE87DDD65E16F /* [CP] Embed Pods Frameworks */,
			);
			buildRules = (
			);
			dependencies = (
				184A4DFB2513ACA6008C55CA /* PBXTargetDependency */,
			);
			name = FantasmoSDKDemoUITests;
			productName = FantasmoSDKDemoUITests;
			productReference = 184A4DF92513ACA6008C55CA /* FantasmoSDKDemoUITests.xctest */;
			productType = "com.apple.product-type.bundle.ui-testing";
		};
/* End PBXNativeTarget section */

/* Begin PBXProject section */
		184A4DD02513ACA4008C55CA /* Project object */ = {
			isa = PBXProject;
			attributes = {
				LastSwiftUpdateCheck = 1160;
				LastUpgradeCheck = 1160;
				ORGANIZATIONNAME = Fantasmo;
				TargetAttributes = {
					184A4DD72513ACA4008C55CA = {
						CreatedOnToolsVersion = 11.6;
					};
					184A4DED2513ACA6008C55CA = {
						CreatedOnToolsVersion = 11.6;
						TestTargetID = 184A4DD72513ACA4008C55CA;
					};
					184A4DF82513ACA6008C55CA = {
						CreatedOnToolsVersion = 11.6;
						TestTargetID = 184A4DD72513ACA4008C55CA;
					};
				};
			};
			buildConfigurationList = 184A4DD32513ACA4008C55CA /* Build configuration list for PBXProject "FantasmoSDKDemo" */;
			compatibilityVersion = "Xcode 9.3";
			developmentRegion = en;
			hasScannedForEncodings = 0;
			knownRegions = (
				en,
				Base,
			);
			mainGroup = 184A4DCF2513ACA4008C55CA;
			productRefGroup = 184A4DD92513ACA4008C55CA /* Products */;
			projectDirPath = "";
			projectReferences = (
				{
					ProductGroup = 184A4E0D2513ACD1008C55CA /* Products */;
					ProjectRef = 184A4E0C2513ACD1008C55CA /* FantasmoSDK.xcodeproj */;
				},
			);
			projectRoot = "";
			targets = (
				184A4DD72513ACA4008C55CA /* FantasmoSDKDemo */,
				184A4DED2513ACA6008C55CA /* FantasmoSDKDemoTests */,
				184A4DF82513ACA6008C55CA /* FantasmoSDKDemoUITests */,
			);
		};
/* End PBXProject section */

/* Begin PBXReferenceProxy section */
		184A4E122513ACD1008C55CA /* FantasmoSDK.framework */ = {
			isa = PBXReferenceProxy;
			fileType = wrapper.framework;
			path = FantasmoSDK.framework;
			remoteRef = 184A4E112513ACD1008C55CA /* PBXContainerItemProxy */;
			sourceTree = BUILT_PRODUCTS_DIR;
		};
		184A4E142513ACD1008C55CA /* FantasmoSDKTests.xctest */ = {
			isa = PBXReferenceProxy;
			fileType = wrapper.cfbundle;
			path = FantasmoSDKTests.xctest;
			remoteRef = 184A4E132513ACD1008C55CA /* PBXContainerItemProxy */;
			sourceTree = BUILT_PRODUCTS_DIR;
		};
/* End PBXReferenceProxy section */

/* Begin PBXResourcesBuildPhase section */
		184A4DD62513ACA4008C55CA /* Resources */ = {
			isa = PBXResourcesBuildPhase;
			buildActionMask = 2147483647;
			files = (
				184A4DE82513ACA6008C55CA /* LaunchScreen.storyboard in Resources */,
				184A4DE52513ACA6008C55CA /* Assets.xcassets in Resources */,
				184A4DE32513ACA4008C55CA /* Main.storyboard in Resources */,
			);
			runOnlyForDeploymentPostprocessing = 0;
		};
		184A4DEC2513ACA6008C55CA /* Resources */ = {
			isa = PBXResourcesBuildPhase;
			buildActionMask = 2147483647;
			files = (
			);
			runOnlyForDeploymentPostprocessing = 0;
		};
		184A4DF72513ACA6008C55CA /* Resources */ = {
			isa = PBXResourcesBuildPhase;
			buildActionMask = 2147483647;
			files = (
			);
			runOnlyForDeploymentPostprocessing = 0;
		};
/* End PBXResourcesBuildPhase section */

/* Begin PBXShellScriptBuildPhase section */
		4879D0F6FBCC9F417A380C3F /* [CP] Embed Pods Frameworks */ = {
			isa = PBXShellScriptBuildPhase;
			buildActionMask = 2147483647;
			files = (
			);
			inputFileListPaths = (
				"${PODS_ROOT}/Target Support Files/Pods-FantasmoSDKDemo/Pods-FantasmoSDKDemo-frameworks-${CONFIGURATION}-input-files.xcfilelist",
			);
			name = "[CP] Embed Pods Frameworks";
			outputFileListPaths = (
				"${PODS_ROOT}/Target Support Files/Pods-FantasmoSDKDemo/Pods-FantasmoSDKDemo-frameworks-${CONFIGURATION}-output-files.xcfilelist",
			);
			runOnlyForDeploymentPostprocessing = 0;
			shellPath = /bin/sh;
			shellScript = "\"${PODS_ROOT}/Target Support Files/Pods-FantasmoSDKDemo/Pods-FantasmoSDKDemo-frameworks.sh\"\n";
			showEnvVarsInLog = 0;
		};
		4AC7B85098EB5B225C248B33 /* [CP] Check Pods Manifest.lock */ = {
			isa = PBXShellScriptBuildPhase;
			buildActionMask = 2147483647;
			files = (
			);
			inputFileListPaths = (
			);
			inputPaths = (
				"${PODS_PODFILE_DIR_PATH}/Podfile.lock",
				"${PODS_ROOT}/Manifest.lock",
			);
			name = "[CP] Check Pods Manifest.lock";
			outputFileListPaths = (
			);
			outputPaths = (
				"$(DERIVED_FILE_DIR)/Pods-FantasmoSDKDemo-checkManifestLockResult.txt",
			);
			runOnlyForDeploymentPostprocessing = 0;
			shellPath = /bin/sh;
			shellScript = "diff \"${PODS_PODFILE_DIR_PATH}/Podfile.lock\" \"${PODS_ROOT}/Manifest.lock\" > /dev/null\nif [ $? != 0 ] ; then\n    # print error to STDERR\n    echo \"error: The sandbox is not in sync with the Podfile.lock. Run 'pod install' or update your CocoaPods installation.\" >&2\n    exit 1\nfi\n# This output is used by Xcode 'outputs' to avoid re-running this script phase.\necho \"SUCCESS\" > \"${SCRIPT_OUTPUT_FILE_0}\"\n";
			showEnvVarsInLog = 0;
		};
		87A9882558C8B552119C9245 /* [CP] Check Pods Manifest.lock */ = {
			isa = PBXShellScriptBuildPhase;
			buildActionMask = 2147483647;
			files = (
			);
			inputFileListPaths = (
			);
			inputPaths = (
				"${PODS_PODFILE_DIR_PATH}/Podfile.lock",
				"${PODS_ROOT}/Manifest.lock",
			);
			name = "[CP] Check Pods Manifest.lock";
			outputFileListPaths = (
			);
			outputPaths = (
				"$(DERIVED_FILE_DIR)/Pods-FantasmoSDKDemoTests-checkManifestLockResult.txt",
			);
			runOnlyForDeploymentPostprocessing = 0;
			shellPath = /bin/sh;
			shellScript = "diff \"${PODS_PODFILE_DIR_PATH}/Podfile.lock\" \"${PODS_ROOT}/Manifest.lock\" > /dev/null\nif [ $? != 0 ] ; then\n    # print error to STDERR\n    echo \"error: The sandbox is not in sync with the Podfile.lock. Run 'pod install' or update your CocoaPods installation.\" >&2\n    exit 1\nfi\n# This output is used by Xcode 'outputs' to avoid re-running this script phase.\necho \"SUCCESS\" > \"${SCRIPT_OUTPUT_FILE_0}\"\n";
			showEnvVarsInLog = 0;
		};
		A8303F73746AAD561EF489F4 /* [CP] Check Pods Manifest.lock */ = {
			isa = PBXShellScriptBuildPhase;
			buildActionMask = 2147483647;
			files = (
			);
			inputFileListPaths = (
			);
			inputPaths = (
				"${PODS_PODFILE_DIR_PATH}/Podfile.lock",
				"${PODS_ROOT}/Manifest.lock",
			);
			name = "[CP] Check Pods Manifest.lock";
			outputFileListPaths = (
			);
			outputPaths = (
				"$(DERIVED_FILE_DIR)/Pods-FantasmoSDKDemo-FantasmoSDKDemoUITests-checkManifestLockResult.txt",
			);
			runOnlyForDeploymentPostprocessing = 0;
			shellPath = /bin/sh;
			shellScript = "diff \"${PODS_PODFILE_DIR_PATH}/Podfile.lock\" \"${PODS_ROOT}/Manifest.lock\" > /dev/null\nif [ $? != 0 ] ; then\n    # print error to STDERR\n    echo \"error: The sandbox is not in sync with the Podfile.lock. Run 'pod install' or update your CocoaPods installation.\" >&2\n    exit 1\nfi\n# This output is used by Xcode 'outputs' to avoid re-running this script phase.\necho \"SUCCESS\" > \"${SCRIPT_OUTPUT_FILE_0}\"\n";
			showEnvVarsInLog = 0;
		};
		F2A3BF9660FDE87DDD65E16F /* [CP] Embed Pods Frameworks */ = {
			isa = PBXShellScriptBuildPhase;
			buildActionMask = 2147483647;
			files = (
			);
			inputFileListPaths = (
				"${PODS_ROOT}/Target Support Files/Pods-FantasmoSDKDemo-FantasmoSDKDemoUITests/Pods-FantasmoSDKDemo-FantasmoSDKDemoUITests-frameworks-${CONFIGURATION}-input-files.xcfilelist",
			);
			name = "[CP] Embed Pods Frameworks";
			outputFileListPaths = (
				"${PODS_ROOT}/Target Support Files/Pods-FantasmoSDKDemo-FantasmoSDKDemoUITests/Pods-FantasmoSDKDemo-FantasmoSDKDemoUITests-frameworks-${CONFIGURATION}-output-files.xcfilelist",
			);
			runOnlyForDeploymentPostprocessing = 0;
			shellPath = /bin/sh;
			shellScript = "\"${PODS_ROOT}/Target Support Files/Pods-FantasmoSDKDemo-FantasmoSDKDemoUITests/Pods-FantasmoSDKDemo-FantasmoSDKDemoUITests-frameworks.sh\"\n";
			showEnvVarsInLog = 0;
		};
/* End PBXShellScriptBuildPhase section */

/* Begin PBXSourcesBuildPhase section */
		184A4DD42513ACA4008C55CA /* Sources */ = {
			isa = PBXSourcesBuildPhase;
			buildActionMask = 2147483647;
			files = (
				184A4DE02513ACA4008C55CA /* ViewController.swift in Sources */,
				184A4DDC2513ACA4008C55CA /* AppDelegate.swift in Sources */,
				184A4DDE2513ACA4008C55CA /* SceneDelegate.swift in Sources */,
			);
			runOnlyForDeploymentPostprocessing = 0;
		};
		184A4DEA2513ACA6008C55CA /* Sources */ = {
			isa = PBXSourcesBuildPhase;
			buildActionMask = 2147483647;
			files = (
				184A4DF32513ACA6008C55CA /* FantasmoSDKDemoTests.swift in Sources */,
			);
			runOnlyForDeploymentPostprocessing = 0;
		};
		184A4DF52513ACA6008C55CA /* Sources */ = {
			isa = PBXSourcesBuildPhase;
			buildActionMask = 2147483647;
			files = (
				184A4DFE2513ACA6008C55CA /* FantasmoSDKDemoUITests.swift in Sources */,
			);
			runOnlyForDeploymentPostprocessing = 0;
		};
/* End PBXSourcesBuildPhase section */

/* Begin PBXTargetDependency section */
		184A4DF02513ACA6008C55CA /* PBXTargetDependency */ = {
			isa = PBXTargetDependency;
			target = 184A4DD72513ACA4008C55CA /* FantasmoSDKDemo */;
			targetProxy = 184A4DEF2513ACA6008C55CA /* PBXContainerItemProxy */;
		};
		184A4DFB2513ACA6008C55CA /* PBXTargetDependency */ = {
			isa = PBXTargetDependency;
			target = 184A4DD72513ACA4008C55CA /* FantasmoSDKDemo */;
			targetProxy = 184A4DFA2513ACA6008C55CA /* PBXContainerItemProxy */;
		};
		186066AE2513B4F900EE7A94 /* PBXTargetDependency */ = {
			isa = PBXTargetDependency;
			name = FantasmoSDK;
			targetProxy = 186066AD2513B4F900EE7A94 /* PBXContainerItemProxy */;
		};
/* End PBXTargetDependency section */

/* Begin PBXVariantGroup section */
		184A4DE12513ACA4008C55CA /* Main.storyboard */ = {
			isa = PBXVariantGroup;
			children = (
				184A4DE22513ACA4008C55CA /* Base */,
			);
			name = Main.storyboard;
			sourceTree = "<group>";
		};
		184A4DE62513ACA6008C55CA /* LaunchScreen.storyboard */ = {
			isa = PBXVariantGroup;
			children = (
				184A4DE72513ACA6008C55CA /* Base */,
			);
			name = LaunchScreen.storyboard;
			sourceTree = "<group>";
		};
/* End PBXVariantGroup section */

/* Begin XCBuildConfiguration section */
		184A4E002513ACA6008C55CA /* Debug */ = {
			isa = XCBuildConfiguration;
			buildSettings = {
				ALWAYS_SEARCH_USER_PATHS = NO;
				CLANG_ANALYZER_NONNULL = YES;
				CLANG_ANALYZER_NUMBER_OBJECT_CONVERSION = YES_AGGRESSIVE;
				CLANG_CXX_LANGUAGE_STANDARD = "gnu++14";
				CLANG_CXX_LIBRARY = "libc++";
				CLANG_ENABLE_MODULES = YES;
				CLANG_ENABLE_OBJC_ARC = YES;
				CLANG_ENABLE_OBJC_WEAK = YES;
				CLANG_WARN_BLOCK_CAPTURE_AUTORELEASING = YES;
				CLANG_WARN_BOOL_CONVERSION = YES;
				CLANG_WARN_COMMA = YES;
				CLANG_WARN_CONSTANT_CONVERSION = YES;
				CLANG_WARN_DEPRECATED_OBJC_IMPLEMENTATIONS = YES;
				CLANG_WARN_DIRECT_OBJC_ISA_USAGE = YES_ERROR;
				CLANG_WARN_DOCUMENTATION_COMMENTS = YES;
				CLANG_WARN_EMPTY_BODY = YES;
				CLANG_WARN_ENUM_CONVERSION = YES;
				CLANG_WARN_INFINITE_RECURSION = YES;
				CLANG_WARN_INT_CONVERSION = YES;
				CLANG_WARN_NON_LITERAL_NULL_CONVERSION = YES;
				CLANG_WARN_OBJC_IMPLICIT_RETAIN_SELF = YES;
				CLANG_WARN_OBJC_LITERAL_CONVERSION = YES;
				CLANG_WARN_OBJC_ROOT_CLASS = YES_ERROR;
				CLANG_WARN_RANGE_LOOP_ANALYSIS = YES;
				CLANG_WARN_STRICT_PROTOTYPES = YES;
				CLANG_WARN_SUSPICIOUS_MOVE = YES;
				CLANG_WARN_UNGUARDED_AVAILABILITY = YES_AGGRESSIVE;
				CLANG_WARN_UNREACHABLE_CODE = YES;
				CLANG_WARN__DUPLICATE_METHOD_MATCH = YES;
				COPY_PHASE_STRIP = NO;
				DEBUG_INFORMATION_FORMAT = dwarf;
				ENABLE_STRICT_OBJC_MSGSEND = YES;
				ENABLE_TESTABILITY = YES;
				GCC_C_LANGUAGE_STANDARD = gnu11;
				GCC_DYNAMIC_NO_PIC = NO;
				GCC_NO_COMMON_BLOCKS = YES;
				GCC_OPTIMIZATION_LEVEL = 0;
				GCC_PREPROCESSOR_DEFINITIONS = (
					"DEBUG=1",
					"$(inherited)",
				);
				GCC_WARN_64_TO_32_BIT_CONVERSION = YES;
				GCC_WARN_ABOUT_RETURN_TYPE = YES_ERROR;
				GCC_WARN_UNDECLARED_SELECTOR = YES;
				GCC_WARN_UNINITIALIZED_AUTOS = YES_AGGRESSIVE;
				GCC_WARN_UNUSED_FUNCTION = YES;
				GCC_WARN_UNUSED_VARIABLE = YES;
				IPHONEOS_DEPLOYMENT_TARGET = 13.6;
				MTL_ENABLE_DEBUG_INFO = INCLUDE_SOURCE;
				MTL_FAST_MATH = YES;
				ONLY_ACTIVE_ARCH = YES;
				SDKROOT = iphoneos;
				SWIFT_ACTIVE_COMPILATION_CONDITIONS = DEBUG;
				SWIFT_OPTIMIZATION_LEVEL = "-Onone";
			};
			name = Debug;
		};
		184A4E012513ACA6008C55CA /* Release */ = {
			isa = XCBuildConfiguration;
			buildSettings = {
				ALWAYS_SEARCH_USER_PATHS = NO;
				CLANG_ANALYZER_NONNULL = YES;
				CLANG_ANALYZER_NUMBER_OBJECT_CONVERSION = YES_AGGRESSIVE;
				CLANG_CXX_LANGUAGE_STANDARD = "gnu++14";
				CLANG_CXX_LIBRARY = "libc++";
				CLANG_ENABLE_MODULES = YES;
				CLANG_ENABLE_OBJC_ARC = YES;
				CLANG_ENABLE_OBJC_WEAK = YES;
				CLANG_WARN_BLOCK_CAPTURE_AUTORELEASING = YES;
				CLANG_WARN_BOOL_CONVERSION = YES;
				CLANG_WARN_COMMA = YES;
				CLANG_WARN_CONSTANT_CONVERSION = YES;
				CLANG_WARN_DEPRECATED_OBJC_IMPLEMENTATIONS = YES;
				CLANG_WARN_DIRECT_OBJC_ISA_USAGE = YES_ERROR;
				CLANG_WARN_DOCUMENTATION_COMMENTS = YES;
				CLANG_WARN_EMPTY_BODY = YES;
				CLANG_WARN_ENUM_CONVERSION = YES;
				CLANG_WARN_INFINITE_RECURSION = YES;
				CLANG_WARN_INT_CONVERSION = YES;
				CLANG_WARN_NON_LITERAL_NULL_CONVERSION = YES;
				CLANG_WARN_OBJC_IMPLICIT_RETAIN_SELF = YES;
				CLANG_WARN_OBJC_LITERAL_CONVERSION = YES;
				CLANG_WARN_OBJC_ROOT_CLASS = YES_ERROR;
				CLANG_WARN_RANGE_LOOP_ANALYSIS = YES;
				CLANG_WARN_STRICT_PROTOTYPES = YES;
				CLANG_WARN_SUSPICIOUS_MOVE = YES;
				CLANG_WARN_UNGUARDED_AVAILABILITY = YES_AGGRESSIVE;
				CLANG_WARN_UNREACHABLE_CODE = YES;
				CLANG_WARN__DUPLICATE_METHOD_MATCH = YES;
				COPY_PHASE_STRIP = NO;
				DEBUG_INFORMATION_FORMAT = "dwarf-with-dsym";
				ENABLE_NS_ASSERTIONS = NO;
				ENABLE_STRICT_OBJC_MSGSEND = YES;
				GCC_C_LANGUAGE_STANDARD = gnu11;
				GCC_NO_COMMON_BLOCKS = YES;
				GCC_WARN_64_TO_32_BIT_CONVERSION = YES;
				GCC_WARN_ABOUT_RETURN_TYPE = YES_ERROR;
				GCC_WARN_UNDECLARED_SELECTOR = YES;
				GCC_WARN_UNINITIALIZED_AUTOS = YES_AGGRESSIVE;
				GCC_WARN_UNUSED_FUNCTION = YES;
				GCC_WARN_UNUSED_VARIABLE = YES;
				IPHONEOS_DEPLOYMENT_TARGET = 13.6;
				MTL_ENABLE_DEBUG_INFO = NO;
				MTL_FAST_MATH = YES;
				SDKROOT = iphoneos;
				SWIFT_COMPILATION_MODE = wholemodule;
				SWIFT_OPTIMIZATION_LEVEL = "-O";
				VALIDATE_PRODUCT = YES;
			};
			name = Release;
		};
		184A4E032513ACA6008C55CA /* Debug */ = {
			isa = XCBuildConfiguration;
			baseConfigurationReference = 5537F511832DDBF9084C9869 /* Pods-FantasmoSDKDemo.debug.xcconfig */;
			buildSettings = {
				ASSETCATALOG_COMPILER_APPICON_NAME = AppIcon;
				CODE_SIGN_STYLE = Automatic;
				DEVELOPMENT_TEAM = 8V8339VAMG;
				INFOPLIST_FILE = FantasmoSDKDemo/Info.plist;
				IPHONEOS_DEPLOYMENT_TARGET = 13.5;
				LD_RUNPATH_SEARCH_PATHS = (
					"$(inherited)",
					"@executable_path/Frameworks",
				);
				PRODUCT_BUNDLE_IDENTIFIER = io.fantasmo.FantasmoSDKDemo;
				PRODUCT_NAME = "$(TARGET_NAME)";
				SWIFT_VERSION = 5.0;
				TARGETED_DEVICE_FAMILY = "1,2";
			};
			name = Debug;
		};
		184A4E042513ACA6008C55CA /* Release */ = {
			isa = XCBuildConfiguration;
			baseConfigurationReference = BA32E26D46ECC6C9F599B8DD /* Pods-FantasmoSDKDemo.release.xcconfig */;
			buildSettings = {
				ASSETCATALOG_COMPILER_APPICON_NAME = AppIcon;
				CODE_SIGN_STYLE = Automatic;
				DEVELOPMENT_TEAM = 8V8339VAMG;
				INFOPLIST_FILE = FantasmoSDKDemo/Info.plist;
				IPHONEOS_DEPLOYMENT_TARGET = 13.5;
				LD_RUNPATH_SEARCH_PATHS = (
					"$(inherited)",
					"@executable_path/Frameworks",
				);
				PRODUCT_BUNDLE_IDENTIFIER = io.fantasmo.FantasmoSDKDemo;
				PRODUCT_NAME = "$(TARGET_NAME)";
				SWIFT_VERSION = 5.0;
				TARGETED_DEVICE_FAMILY = "1,2";
			};
			name = Release;
		};
		184A4E062513ACA6008C55CA /* Debug */ = {
			isa = XCBuildConfiguration;
			baseConfigurationReference = F28316E312096BEF13C907A6 /* Pods-FantasmoSDKDemoTests.debug.xcconfig */;
			buildSettings = {
				ALWAYS_EMBED_SWIFT_STANDARD_LIBRARIES = YES;
				BUNDLE_LOADER = "$(TEST_HOST)";
				CODE_SIGN_STYLE = Automatic;
				DEVELOPMENT_TEAM = F5HSZTHF6Q;
				INFOPLIST_FILE = FantasmoSDKDemoTests/Info.plist;
				IPHONEOS_DEPLOYMENT_TARGET = 13.5;
				LD_RUNPATH_SEARCH_PATHS = (
					"$(inherited)",
					"@executable_path/Frameworks",
					"@loader_path/Frameworks",
				);
				PRODUCT_BUNDLE_IDENTIFIER = com.fantasmo.FantasmoSDKDemoTests;
				PRODUCT_NAME = "$(TARGET_NAME)";
				SWIFT_VERSION = 5.0;
				TARGETED_DEVICE_FAMILY = "1,2";
				TEST_HOST = "$(BUILT_PRODUCTS_DIR)/FantasmoSDKDemo.app/FantasmoSDKDemo";
			};
			name = Debug;
		};
		184A4E072513ACA6008C55CA /* Release */ = {
			isa = XCBuildConfiguration;
			baseConfigurationReference = 5522C0DCF6CEC45857A58A8D /* Pods-FantasmoSDKDemoTests.release.xcconfig */;
			buildSettings = {
				ALWAYS_EMBED_SWIFT_STANDARD_LIBRARIES = YES;
				BUNDLE_LOADER = "$(TEST_HOST)";
				CODE_SIGN_STYLE = Automatic;
				DEVELOPMENT_TEAM = F5HSZTHF6Q;
				INFOPLIST_FILE = FantasmoSDKDemoTests/Info.plist;
				IPHONEOS_DEPLOYMENT_TARGET = 13.5;
				LD_RUNPATH_SEARCH_PATHS = (
					"$(inherited)",
					"@executable_path/Frameworks",
					"@loader_path/Frameworks",
				);
				PRODUCT_BUNDLE_IDENTIFIER = com.fantasmo.FantasmoSDKDemoTests;
				PRODUCT_NAME = "$(TARGET_NAME)";
				SWIFT_VERSION = 5.0;
				TARGETED_DEVICE_FAMILY = "1,2";
				TEST_HOST = "$(BUILT_PRODUCTS_DIR)/FantasmoSDKDemo.app/FantasmoSDKDemo";
			};
			name = Release;
		};
		184A4E092513ACA6008C55CA /* Debug */ = {
			isa = XCBuildConfiguration;
			baseConfigurationReference = 83ECBE39ADEF23C5A9A1DA4C /* Pods-FantasmoSDKDemo-FantasmoSDKDemoUITests.debug.xcconfig */;
			buildSettings = {
				ALWAYS_EMBED_SWIFT_STANDARD_LIBRARIES = YES;
				CODE_SIGN_STYLE = Automatic;
				DEVELOPMENT_TEAM = F5HSZTHF6Q;
				INFOPLIST_FILE = FantasmoSDKDemoUITests/Info.plist;
				IPHONEOS_DEPLOYMENT_TARGET = 13.5;
				LD_RUNPATH_SEARCH_PATHS = (
					"$(inherited)",
					"@executable_path/Frameworks",
					"@loader_path/Frameworks",
				);
				PRODUCT_BUNDLE_IDENTIFIER = com.fantasmo.FantasmoSDKDemoUITests;
				PRODUCT_NAME = "$(TARGET_NAME)";
				SWIFT_VERSION = 5.0;
				TARGETED_DEVICE_FAMILY = "1,2";
				TEST_TARGET_NAME = FantasmoSDKDemo;
			};
			name = Debug;
		};
		184A4E0A2513ACA6008C55CA /* Release */ = {
			isa = XCBuildConfiguration;
			baseConfigurationReference = 2EF75E70610821163DC3A44A /* Pods-FantasmoSDKDemo-FantasmoSDKDemoUITests.release.xcconfig */;
			buildSettings = {
				ALWAYS_EMBED_SWIFT_STANDARD_LIBRARIES = YES;
				CODE_SIGN_STYLE = Automatic;
				DEVELOPMENT_TEAM = F5HSZTHF6Q;
				INFOPLIST_FILE = FantasmoSDKDemoUITests/Info.plist;
				IPHONEOS_DEPLOYMENT_TARGET = 13.5;
				LD_RUNPATH_SEARCH_PATHS = (
					"$(inherited)",
					"@executable_path/Frameworks",
					"@loader_path/Frameworks",
				);
				PRODUCT_BUNDLE_IDENTIFIER = com.fantasmo.FantasmoSDKDemoUITests;
				PRODUCT_NAME = "$(TARGET_NAME)";
				SWIFT_VERSION = 5.0;
				TARGETED_DEVICE_FAMILY = "1,2";
				TEST_TARGET_NAME = FantasmoSDKDemo;
			};
			name = Release;
		};
/* End XCBuildConfiguration section */

/* Begin XCConfigurationList section */
		184A4DD32513ACA4008C55CA /* Build configuration list for PBXProject "FantasmoSDKDemo" */ = {
			isa = XCConfigurationList;
			buildConfigurations = (
				184A4E002513ACA6008C55CA /* Debug */,
				184A4E012513ACA6008C55CA /* Release */,
			);
			defaultConfigurationIsVisible = 0;
			defaultConfigurationName = Release;
		};
		184A4E022513ACA6008C55CA /* Build configuration list for PBXNativeTarget "FantasmoSDKDemo" */ = {
			isa = XCConfigurationList;
			buildConfigurations = (
				184A4E032513ACA6008C55CA /* Debug */,
				184A4E042513ACA6008C55CA /* Release */,
			);
			defaultConfigurationIsVisible = 0;
			defaultConfigurationName = Release;
		};
		184A4E052513ACA6008C55CA /* Build configuration list for PBXNativeTarget "FantasmoSDKDemoTests" */ = {
			isa = XCConfigurationList;
			buildConfigurations = (
				184A4E062513ACA6008C55CA /* Debug */,
				184A4E072513ACA6008C55CA /* Release */,
			);
			defaultConfigurationIsVisible = 0;
			defaultConfigurationName = Release;
		};
		184A4E082513ACA6008C55CA /* Build configuration list for PBXNativeTarget "FantasmoSDKDemoUITests" */ = {
			isa = XCConfigurationList;
			buildConfigurations = (
				184A4E092513ACA6008C55CA /* Debug */,
				184A4E0A2513ACA6008C55CA /* Release */,
			);
			defaultConfigurationIsVisible = 0;
			defaultConfigurationName = Release;
		};
/* End XCConfigurationList section */
	};
	rootObject = 184A4DD02513ACA4008C55CA /* Project object */;
}
