PODS:
  - Alamofire (5.0.5)
  - BrightFutures (8.0.0)
  - CocoaLumberjack/Core (3.7.0)
  - CocoaLumberjack/Swift (3.7.0):
    - CocoaLumberjack/Core
  - FantasmoSDK (0.1.2):
    - Alamofire (~> 5.0.0)
    - BrightFutures
    - CocoaLumberjack/Swift

DEPENDENCIES:
  - FantasmoSDK (from `../`)

SPEC REPOS:
  trunk:
    - Alamofire
    - BrightFutures
    - CocoaLumberjack

EXTERNAL SOURCES:
  FantasmoSDK:
    :path: "../"

SPEC CHECKSUMS:
  Alamofire: df2f8f826963b08b9a870791ad48e07a10090b2e
  BrightFutures: f8427b46feabaf73c5e71ace7d86d65dfbb47696
  CocoaLumberjack: e8955b9d337ac307103b0a34fd141c32f27e53c5
  FantasmoSDK: a61122244100a2a59cdb983c4ab14e984e328899

PODFILE CHECKSUM: ccb1416270b4690d2373986162e455f7f95cd601

COCOAPODS: 1.10.0
