PODS:
  - Alamofire (5.0.0-rc.2)
  - AlamofireObjectMapper (6.2.0):
    - Alamofire (= 5.0.0-rc.2)
    - ObjectMapper (~> 3.5.1)
  - BrightFutures (8.0.0)
  - ObjectMapper (3.5.3)

DEPENDENCIES:
  - AlamofireObjectMapper
  - BrightFutures

SPEC REPOS:
  trunk:
    - Alamofire
    - AlamofireObjectMapper
    - BrightFutures
    - ObjectMapper

SPEC CHECKSUMS:
  Alamofire: f9450d3c7f6bea2ad62e7a541c3e9b186c7991d6
  AlamofireObjectMapper: 74d1440c92c42bbcc2b5f4dc81654ac095ec669f
  BrightFutures: f8427b46feabaf73c5e71ace7d86d65dfbb47696
  ObjectMapper: 97111c97e054a6ee25917662106689f0b4127b37

PODFILE CHECKSUM: 7ea415b472f0f663a1712affe3a97ce581d4338c

COCOAPODS: 1.9.3
