// !$*UTF8*$!
{
	archiveVersion = 1;
	classes = {
	};
	objectVersion = 51;
	objects = {

/* Begin PBXBuildFile section */
		134B585F2514914C0026000D /* ARSessionManager.swift in Sources */ = {isa = PBXBuildFile; fileRef = 134B585E2514914C0026000D /* ARSessionManager.swift */; };
		134B58632514D6D30026000D /* TOSImage.swift in Sources */ = {isa = PBXBuildFile; fileRef = 134B58622514D6D30026000D /* TOSImage.swift */; };
		134B58652514D8560026000D /* TOSIntrinsics.swift in Sources */ = {isa = PBXBuildFile; fileRef = 134B58642514D8560026000D /* TOSIntrinsics.swift */; };
		134B58672514D8B30026000D /* TOSPose.swift in Sources */ = {isa = PBXBuildFile; fileRef = 134B58662514D8B30026000D /* TOSPose.swift */; };
		134B58692514D8DF0026000D /* TOSPosition.swift in Sources */ = {isa = PBXBuildFile; fileRef = 134B58682514D8DF0026000D /* TOSPosition.swift */; };
		134B586B2514D91D0026000D /* TOSOrientation.swift in Sources */ = {isa = PBXBuildFile; fileRef = 134B586A2514D91D0026000D /* TOSOrientation.swift */; };
		134B586E2514D98A0026000D /* UIImage+Extension.swift in Sources */ = {isa = PBXBuildFile; fileRef = 134B586D2514D98A0026000D /* UIImage+Extension.swift */; };
		134B58702514DAE80026000D /* CGImage+Extension.swift in Sources */ = {isa = PBXBuildFile; fileRef = 134B586F2514DAE80026000D /* CGImage+Extension.swift */; };
		134B58752514FB5E0026000D /* NetworkManager.swift in Sources */ = {isa = PBXBuildFile; fileRef = 134B58742514FB5E0026000D /* NetworkManager.swift */; };
		134B5878251513EE0026000D /* Constant.swift in Sources */ = {isa = PBXBuildFile; fileRef = 134B5877251513EE0026000D /* Constant.swift */; };
		134B587A251528880026000D /* FantasmoHttpRouter.swift in Sources */ = {isa = PBXBuildFile; fileRef = 134B5879251528880026000D /* FantasmoHttpRouter.swift */; };
		134B587C251528B40026000D /* HttpRouter.swift in Sources */ = {isa = PBXBuildFile; fileRef = 134B587B251528B40026000D /* HttpRouter.swift */; };
		1850A9082513C6CD00F64453 /* NSObject+Loader.h in Headers */ = {isa = PBXBuildFile; fileRef = 1850A9062513C6CD00F64453 /* NSObject+Loader.h */; };
		1850A9092513C6CD00F64453 /* NSObject+Loader.m in Sources */ = {isa = PBXBuildFile; fileRef = 1850A9072513C6CD00F64453 /* NSObject+Loader.m */; };
		1850A90B2513C6F100F64453 /* Loader.swift in Sources */ = {isa = PBXBuildFile; fileRef = 1850A90A2513C6F100F64453 /* Loader.swift */; };
		186066BE2513C3E300EE7A94 /* LocationManager.swift in Sources */ = {isa = PBXBuildFile; fileRef = 186066BD2513C3E300EE7A94 /* LocationManager.swift */; };
		18764CF62513A95800F8BA7D /* FantasmoSDK.framework in Frameworks */ = {isa = PBXBuildFile; fileRef = 18764CEC2513A95700F8BA7D /* FantasmoSDK.framework */; };
		18764CFB2513A95800F8BA7D /* FantasmoSDKTests.swift in Sources */ = {isa = PBXBuildFile; fileRef = 18764CFA2513A95800F8BA7D /* FantasmoSDKTests.swift */; };
		18764CFD2513A95800F8BA7D /* FantasmoSDK.h in Headers */ = {isa = PBXBuildFile; fileRef = 18764CEF2513A95700F8BA7D /* FantasmoSDK.h */; settings = {ATTRIBUTES = (Public, ); }; };
		BC22BEA1C5CE6A3AECE7A0C4 /* Pods_FantasmoSDK_FantasmoSDKTests.framework in Frameworks */ = {isa = PBXBuildFile; fileRef = 47E7C79F72A359EB01501E46 /* Pods_FantasmoSDK_FantasmoSDKTests.framework */; };
/* End PBXBuildFile section */

/* Begin PBXContainerItemProxy section */
		18764CF72513A95800F8BA7D /* PBXContainerItemProxy */ = {
			isa = PBXContainerItemProxy;
			containerPortal = 18764CE32513A95700F8BA7D /* Project object */;
			proxyType = 1;
			remoteGlobalIDString = 18764CEB2513A95700F8BA7D;
			remoteInfo = FantasmoSDK;
		};
/* End PBXContainerItemProxy section */

/* Begin PBXFileReference section */
		134B585E2514914C0026000D /* ARSessionManager.swift */ = {isa = PBXFileReference; lastKnownFileType = sourcecode.swift; path = ARSessionManager.swift; sourceTree = "<group>"; };
		134B58622514D6D30026000D /* TOSImage.swift */ = {isa = PBXFileReference; lastKnownFileType = sourcecode.swift; path = TOSImage.swift; sourceTree = "<group>"; };
		134B58642514D8560026000D /* TOSIntrinsics.swift */ = {isa = PBXFileReference; lastKnownFileType = sourcecode.swift; path = TOSIntrinsics.swift; sourceTree = "<group>"; };
		134B58662514D8B30026000D /* TOSPose.swift */ = {isa = PBXFileReference; lastKnownFileType = sourcecode.swift; path = TOSPose.swift; sourceTree = "<group>"; };
		134B58682514D8DF0026000D /* TOSPosition.swift */ = {isa = PBXFileReference; lastKnownFileType = sourcecode.swift; path = TOSPosition.swift; sourceTree = "<group>"; };
		134B586A2514D91D0026000D /* TOSOrientation.swift */ = {isa = PBXFileReference; lastKnownFileType = sourcecode.swift; path = TOSOrientation.swift; sourceTree = "<group>"; };
		134B586D2514D98A0026000D /* UIImage+Extension.swift */ = {isa = PBXFileReference; lastKnownFileType = sourcecode.swift; path = "UIImage+Extension.swift"; sourceTree = "<group>"; };
		134B586F2514DAE80026000D /* CGImage+Extension.swift */ = {isa = PBXFileReference; lastKnownFileType = sourcecode.swift; path = "CGImage+Extension.swift"; sourceTree = "<group>"; };
		134B58742514FB5E0026000D /* NetworkManager.swift */ = {isa = PBXFileReference; fileEncoding = 4; lastKnownFileType = sourcecode.swift; path = NetworkManager.swift; sourceTree = "<group>"; };
		134B5877251513EE0026000D /* Constant.swift */ = {isa = PBXFileReference; lastKnownFileType = sourcecode.swift; path = Constant.swift; sourceTree = "<group>"; };
		134B5879251528880026000D /* FantasmoHttpRouter.swift */ = {isa = PBXFileReference; lastKnownFileType = sourcecode.swift; path = FantasmoHttpRouter.swift; sourceTree = "<group>"; };
		134B587B251528B40026000D /* HttpRouter.swift */ = {isa = PBXFileReference; lastKnownFileType = sourcecode.swift; path = HttpRouter.swift; sourceTree = "<group>"; };
		1850A9062513C6CD00F64453 /* NSObject+Loader.h */ = {isa = PBXFileReference; lastKnownFileType = sourcecode.c.h; path = "NSObject+Loader.h"; sourceTree = "<group>"; };
		1850A9072513C6CD00F64453 /* NSObject+Loader.m */ = {isa = PBXFileReference; lastKnownFileType = sourcecode.c.objc; path = "NSObject+Loader.m"; sourceTree = "<group>"; };
		1850A90A2513C6F100F64453 /* Loader.swift */ = {isa = PBXFileReference; lastKnownFileType = sourcecode.swift; path = Loader.swift; sourceTree = "<group>"; };
		186066BD2513C3E300EE7A94 /* LocationManager.swift */ = {isa = PBXFileReference; lastKnownFileType = sourcecode.swift; path = LocationManager.swift; sourceTree = "<group>"; };
		18764CEC2513A95700F8BA7D /* FantasmoSDK.framework */ = {isa = PBXFileReference; explicitFileType = wrapper.framework; includeInIndex = 0; path = FantasmoSDK.framework; sourceTree = BUILT_PRODUCTS_DIR; };
		18764CEF2513A95700F8BA7D /* FantasmoSDK.h */ = {isa = PBXFileReference; lastKnownFileType = sourcecode.c.h; path = FantasmoSDK.h; sourceTree = "<group>"; };
		18764CF02513A95700F8BA7D /* Info.plist */ = {isa = PBXFileReference; lastKnownFileType = text.plist.xml; path = Info.plist; sourceTree = "<group>"; };
		18764CF52513A95800F8BA7D /* FantasmoSDKTests.xctest */ = {isa = PBXFileReference; explicitFileType = wrapper.cfbundle; includeInIndex = 0; path = FantasmoSDKTests.xctest; sourceTree = BUILT_PRODUCTS_DIR; };
		18764CFA2513A95800F8BA7D /* FantasmoSDKTests.swift */ = {isa = PBXFileReference; lastKnownFileType = sourcecode.swift; path = FantasmoSDKTests.swift; sourceTree = "<group>"; };
		18764CFC2513A95800F8BA7D /* Info.plist */ = {isa = PBXFileReference; lastKnownFileType = text.plist.xml; path = Info.plist; sourceTree = "<group>"; };
		47E7C79F72A359EB01501E46 /* Pods_FantasmoSDK_FantasmoSDKTests.framework */ = {isa = PBXFileReference; explicitFileType = wrapper.framework; includeInIndex = 0; path = Pods_FantasmoSDK_FantasmoSDKTests.framework; sourceTree = BUILT_PRODUCTS_DIR; };
		807BA55911BE05EFE0B6139A /* Pods-FantasmoSDK-FantasmoSDKTests.debug.xcconfig */ = {isa = PBXFileReference; includeInIndex = 1; lastKnownFileType = text.xcconfig; name = "Pods-FantasmoSDK-FantasmoSDKTests.debug.xcconfig"; path = "Target Support Files/Pods-FantasmoSDK-FantasmoSDKTests/Pods-FantasmoSDK-FantasmoSDKTests.debug.xcconfig"; sourceTree = "<group>"; };
		CDB17B9B04EF522AF3BA7502 /* Pods-FantasmoSDK.debug.xcconfig */ = {isa = PBXFileReference; includeInIndex = 1; lastKnownFileType = text.xcconfig; name = "Pods-FantasmoSDK.debug.xcconfig"; path = "Target Support Files/Pods-FantasmoSDK/Pods-FantasmoSDK.debug.xcconfig"; sourceTree = "<group>"; };
		CF3D42D3497B87C1D5CEA4DC /* Pods-FantasmoSDK-FantasmoSDKTests.release.xcconfig */ = {isa = PBXFileReference; includeInIndex = 1; lastKnownFileType = text.xcconfig; name = "Pods-FantasmoSDK-FantasmoSDKTests.release.xcconfig"; path = "Target Support Files/Pods-FantasmoSDK-FantasmoSDKTests/Pods-FantasmoSDK-FantasmoSDKTests.release.xcconfig"; sourceTree = "<group>"; };
		E8C43D9A70097810712F51FB /* Pods-FantasmoSDK.release.xcconfig */ = {isa = PBXFileReference; includeInIndex = 1; lastKnownFileType = text.xcconfig; name = "Pods-FantasmoSDK.release.xcconfig"; path = "Target Support Files/Pods-FantasmoSDK/Pods-FantasmoSDK.release.xcconfig"; sourceTree = "<group>"; };
		F2C53B39FBA63D7B2AC2B712 /* Pods_FantasmoSDK.framework */ = {isa = PBXFileReference; explicitFileType = wrapper.framework; includeInIndex = 0; path = Pods_FantasmoSDK.framework; sourceTree = BUILT_PRODUCTS_DIR; };
/* End PBXFileReference section */

/* Begin PBXFrameworksBuildPhase section */
		18764CE92513A95700F8BA7D /* Frameworks */ = {
			isa = PBXFrameworksBuildPhase;
			buildActionMask = 2147483647;
			files = (
			);
			runOnlyForDeploymentPostprocessing = 0;
		};
		18764CF22513A95800F8BA7D /* Frameworks */ = {
			isa = PBXFrameworksBuildPhase;
			buildActionMask = 2147483647;
			files = (
				18764CF62513A95800F8BA7D /* FantasmoSDK.framework in Frameworks */,
				BC22BEA1C5CE6A3AECE7A0C4 /* Pods_FantasmoSDK_FantasmoSDKTests.framework in Frameworks */,
			);
			runOnlyForDeploymentPostprocessing = 0;
		};
/* End PBXFrameworksBuildPhase section */

/* Begin PBXGroup section */
		134B58612514D6B10026000D /* TerraOS */ = {
			isa = PBXGroup;
			children = (
				134B58622514D6D30026000D /* TOSImage.swift */,
				134B58642514D8560026000D /* TOSIntrinsics.swift */,
				134B58662514D8B30026000D /* TOSPose.swift */,
				134B58682514D8DF0026000D /* TOSPosition.swift */,
				134B586A2514D91D0026000D /* TOSOrientation.swift */,
			);
			path = TerraOS;
			sourceTree = "<group>";
		};
		134B586C2514D96E0026000D /* Extension */ = {
			isa = PBXGroup;
			children = (
				134B586D2514D98A0026000D /* UIImage+Extension.swift */,
				134B586F2514DAE80026000D /* CGImage+Extension.swift */,
			);
			path = Extension;
			sourceTree = "<group>";
		};
		134B58712514E5C00026000D /* Network */ = {
			isa = PBXGroup;
			children = (
				134B58742514FB5E0026000D /* NetworkManager.swift */,
				134B5879251528880026000D /* FantasmoHttpRouter.swift */,
				134B587B251528B40026000D /* HttpRouter.swift */,
			);
			path = Network;
			sourceTree = "<group>";
		};
		18764CE22513A95700F8BA7D = {
			isa = PBXGroup;
			children = (
				18764CEE2513A95700F8BA7D /* FantasmoSDK */,
				18764CF92513A95800F8BA7D /* FantasmoSDKTests */,
				18764CED2513A95700F8BA7D /* Products */,
				EEC547C897ECE06EF55B0CEB /* Pods */,
				95A2B2A90B9FD16962C5BAC2 /* Frameworks */,
			);
			sourceTree = "<group>";
		};
		18764CED2513A95700F8BA7D /* Products */ = {
			isa = PBXGroup;
			children = (
				18764CEC2513A95700F8BA7D /* FantasmoSDK.framework */,
				18764CF52513A95800F8BA7D /* FantasmoSDKTests.xctest */,
			);
			name = Products;
			sourceTree = "<group>";
		};
		18764CEE2513A95700F8BA7D /* FantasmoSDK */ = {
			isa = PBXGroup;
			children = (
				134B58712514E5C00026000D /* Network */,
				134B586C2514D96E0026000D /* Extension */,
				134B58612514D6B10026000D /* TerraOS */,
				134B5877251513EE0026000D /* Constant.swift */,
				18764CEF2513A95700F8BA7D /* FantasmoSDK.h */,
				1850A9062513C6CD00F64453 /* NSObject+Loader.h */,
				1850A9072513C6CD00F64453 /* NSObject+Loader.m */,
				1850A90A2513C6F100F64453 /* Loader.swift */,
				186066BD2513C3E300EE7A94 /* LocationManager.swift */,
				134B585E2514914C0026000D /* ARSessionManager.swift */,
				18764CF02513A95700F8BA7D /* Info.plist */,
			);
			path = FantasmoSDK;
			sourceTree = "<group>";
		};
		18764CF92513A95800F8BA7D /* FantasmoSDKTests */ = {
			isa = PBXGroup;
			children = (
				18764CFA2513A95800F8BA7D /* FantasmoSDKTests.swift */,
				18764CFC2513A95800F8BA7D /* Info.plist */,
			);
			path = FantasmoSDKTests;
			sourceTree = "<group>";
		};
		95A2B2A90B9FD16962C5BAC2 /* Frameworks */ = {
			isa = PBXGroup;
			children = (
				F2C53B39FBA63D7B2AC2B712 /* Pods_FantasmoSDK.framework */,
				47E7C79F72A359EB01501E46 /* Pods_FantasmoSDK_FantasmoSDKTests.framework */,
			);
			name = Frameworks;
			sourceTree = "<group>";
		};
		EEC547C897ECE06EF55B0CEB /* Pods */ = {
			isa = PBXGroup;
			children = (
				CDB17B9B04EF522AF3BA7502 /* Pods-FantasmoSDK.debug.xcconfig */,
				E8C43D9A70097810712F51FB /* Pods-FantasmoSDK.release.xcconfig */,
				807BA55911BE05EFE0B6139A /* Pods-FantasmoSDK-FantasmoSDKTests.debug.xcconfig */,
				CF3D42D3497B87C1D5CEA4DC /* Pods-FantasmoSDK-FantasmoSDKTests.release.xcconfig */,
			);
			path = Pods;
			sourceTree = "<group>";
		};
/* End PBXGroup section */

/* Begin PBXHeadersBuildPhase section */
		18764CE72513A95700F8BA7D /* Headers */ = {
			isa = PBXHeadersBuildPhase;
			buildActionMask = 2147483647;
			files = (
				18764CFD2513A95800F8BA7D /* FantasmoSDK.h in Headers */,
				1850A9082513C6CD00F64453 /* NSObject+Loader.h in Headers */,
			);
			runOnlyForDeploymentPostprocessing = 0;
		};
/* End PBXHeadersBuildPhase section */

/* Begin PBXNativeTarget section */
		18764CEB2513A95700F8BA7D /* FantasmoSDK */ = {
			isa = PBXNativeTarget;
			buildConfigurationList = 18764D002513A95800F8BA7D /* Build configuration list for PBXNativeTarget "FantasmoSDK" */;
			buildPhases = (
				69F690AA7C341DE912176532 /* [CP] Check Pods Manifest.lock */,
				18764CE72513A95700F8BA7D /* Headers */,
				18764CE82513A95700F8BA7D /* Sources */,
				18764CE92513A95700F8BA7D /* Frameworks */,
				18764CEA2513A95700F8BA7D /* Resources */,
				18764D0A2513AA9000F8BA7D /* ShellScript */,
			);
			buildRules = (
			);
			dependencies = (
			);
			name = FantasmoSDK;
			productName = FantasmoSDK;
			productReference = 18764CEC2513A95700F8BA7D /* FantasmoSDK.framework */;
			productType = "com.apple.product-type.framework";
		};
		18764CF42513A95800F8BA7D /* FantasmoSDKTests */ = {
			isa = PBXNativeTarget;
			buildConfigurationList = 18764D032513A95800F8BA7D /* Build configuration list for PBXNativeTarget "FantasmoSDKTests" */;
			buildPhases = (
				03DB7856C5DD70BC6DA66F0C /* [CP] Check Pods Manifest.lock */,
				18764CF12513A95800F8BA7D /* Sources */,
				18764CF22513A95800F8BA7D /* Frameworks */,
				18764CF32513A95800F8BA7D /* Resources */,
				5310D8967CAD660DDB141EFD /* [CP] Embed Pods Frameworks */,
			);
			buildRules = (
			);
			dependencies = (
				18764CF82513A95800F8BA7D /* PBXTargetDependency */,
			);
			name = FantasmoSDKTests;
			productName = FantasmoSDKTests;
			productReference = 18764CF52513A95800F8BA7D /* FantasmoSDKTests.xctest */;
			productType = "com.apple.product-type.bundle.unit-test";
		};
/* End PBXNativeTarget section */

/* Begin PBXProject section */
		18764CE32513A95700F8BA7D /* Project object */ = {
			isa = PBXProject;
			attributes = {
				LastSwiftUpdateCheck = 1160;
				LastUpgradeCheck = 1160;
				ORGANIZATIONNAME = Fantasmo;
				TargetAttributes = {
					18764CEB2513A95700F8BA7D = {
						CreatedOnToolsVersion = 11.6;
						LastSwiftMigration = 1160;
					};
					18764CF42513A95800F8BA7D = {
						CreatedOnToolsVersion = 11.6;
					};
				};
			};
			buildConfigurationList = 18764CE62513A95700F8BA7D /* Build configuration list for PBXProject "FantasmoSDK" */;
			compatibilityVersion = "Xcode 9.3";
			developmentRegion = en;
			hasScannedForEncodings = 0;
			knownRegions = (
				en,
				Base,
			);
			mainGroup = 18764CE22513A95700F8BA7D;
			productRefGroup = 18764CED2513A95700F8BA7D /* Products */;
			projectDirPath = "";
			projectRoot = "";
			targets = (
				18764CEB2513A95700F8BA7D /* FantasmoSDK */,
				18764CF42513A95800F8BA7D /* FantasmoSDKTests */,
			);
		};
/* End PBXProject section */

/* Begin PBXResourcesBuildPhase section */
		18764CEA2513A95700F8BA7D /* Resources */ = {
			isa = PBXResourcesBuildPhase;
			buildActionMask = 2147483647;
			files = (
			);
			runOnlyForDeploymentPostprocessing = 0;
		};
		18764CF32513A95800F8BA7D /* Resources */ = {
			isa = PBXResourcesBuildPhase;
			buildActionMask = 2147483647;
			files = (
			);
			runOnlyForDeploymentPostprocessing = 0;
		};
/* End PBXResourcesBuildPhase section */

/* Begin PBXShellScriptBuildPhase section */
		03DB7856C5DD70BC6DA66F0C /* [CP] Check Pods Manifest.lock */ = {
			isa = PBXShellScriptBuildPhase;
			buildActionMask = 2147483647;
			files = (
			);
			inputFileListPaths = (
			);
			inputPaths = (
				"${PODS_PODFILE_DIR_PATH}/Podfile.lock",
				"${PODS_ROOT}/Manifest.lock",
			);
			name = "[CP] Check Pods Manifest.lock";
			outputFileListPaths = (
			);
			outputPaths = (
				"$(DERIVED_FILE_DIR)/Pods-FantasmoSDK-FantasmoSDKTests-checkManifestLockResult.txt",
			);
			runOnlyForDeploymentPostprocessing = 0;
			shellPath = /bin/sh;
			shellScript = "diff \"${PODS_PODFILE_DIR_PATH}/Podfile.lock\" \"${PODS_ROOT}/Manifest.lock\" > /dev/null\nif [ $? != 0 ] ; then\n    # print error to STDERR\n    echo \"error: The sandbox is not in sync with the Podfile.lock. Run 'pod install' or update your CocoaPods installation.\" >&2\n    exit 1\nfi\n# This output is used by Xcode 'outputs' to avoid re-running this script phase.\necho \"SUCCESS\" > \"${SCRIPT_OUTPUT_FILE_0}\"\n";
			showEnvVarsInLog = 0;
		};
		18764D0A2513AA9000F8BA7D /* ShellScript */ = {
			isa = PBXShellScriptBuildPhase;
			buildActionMask = 2147483647;
			files = (
			);
			inputFileListPaths = (
			);
			inputPaths = (
			);
			outputFileListPaths = (
			);
			outputPaths = (
			);
			runOnlyForDeploymentPostprocessing = 0;
			shellPath = /bin/sh;
			shellScript = "
";
		};
		5310D8967CAD660DDB141EFD /* [CP] Embed Pods Frameworks */ = {
			isa = PBXShellScriptBuildPhase;
			buildActionMask = 2147483647;
			files = (
			);
			inputFileListPaths = (
				"${PODS_ROOT}/Target Support Files/Pods-FantasmoSDK-FantasmoSDKTests/Pods-FantasmoSDK-FantasmoSDKTests-frameworks-${CONFIGURATION}-input-files.xcfilelist",
			);
			name = "[CP] Embed Pods Frameworks";
			outputFileListPaths = (
				"${PODS_ROOT}/Target Support Files/Pods-FantasmoSDK-FantasmoSDKTests/Pods-FantasmoSDK-FantasmoSDKTests-frameworks-${CONFIGURATION}-output-files.xcfilelist",
			);
			runOnlyForDeploymentPostprocessing = 0;
			shellPath = /bin/sh;
			shellScript = "\"${PODS_ROOT}/Target Support Files/Pods-FantasmoSDK-FantasmoSDKTests/Pods-FantasmoSDK-FantasmoSDKTests-frameworks.sh\"\n";
			showEnvVarsInLog = 0;
		};
		69F690AA7C341DE912176532 /* [CP] Check Pods Manifest.lock */ = {
			isa = PBXShellScriptBuildPhase;
			buildActionMask = 2147483647;
			files = (
			);
			inputFileListPaths = (
			);
			inputPaths = (
				"${PODS_PODFILE_DIR_PATH}/Podfile.lock",
				"${PODS_ROOT}/Manifest.lock",
			);
			name = "[CP] Check Pods Manifest.lock";
			outputFileListPaths = (
			);
			outputPaths = (
				"$(DERIVED_FILE_DIR)/Pods-FantasmoSDK-checkManifestLockResult.txt",
			);
			runOnlyForDeploymentPostprocessing = 0;
			shellPath = /bin/sh;
			shellScript = "diff \"${PODS_PODFILE_DIR_PATH}/Podfile.lock\" \"${PODS_ROOT}/Manifest.lock\" > /dev/null\nif [ $? != 0 ] ; then\n    # print error to STDERR\n    echo \"error: The sandbox is not in sync with the Podfile.lock. Run 'pod install' or update your CocoaPods installation.\" >&2\n    exit 1\nfi\n# This output is used by Xcode 'outputs' to avoid re-running this script phase.\necho \"SUCCESS\" > \"${SCRIPT_OUTPUT_FILE_0}\"\n";
			showEnvVarsInLog = 0;
		};
/* End PBXShellScriptBuildPhase section */

/* Begin PBXSourcesBuildPhase section */
		18764CE82513A95700F8BA7D /* Sources */ = {
			isa = PBXSourcesBuildPhase;
			buildActionMask = 2147483647;
			files = (
				134B58752514FB5E0026000D /* NetworkManager.swift in Sources */,
				134B586B2514D91D0026000D /* TOSOrientation.swift in Sources */,
				1850A9092513C6CD00F64453 /* NSObject+Loader.m in Sources */,
				1850A90B2513C6F100F64453 /* Loader.swift in Sources */,
				186066BE2513C3E300EE7A94 /* LocationManager.swift in Sources */,
				134B585F2514914C0026000D /* ARSessionManager.swift in Sources */,
				134B58652514D8560026000D /* TOSIntrinsics.swift in Sources */,
				134B58632514D6D30026000D /* TOSImage.swift in Sources */,
				134B58702514DAE80026000D /* CGImage+Extension.swift in Sources */,
				134B5878251513EE0026000D /* Constant.swift in Sources */,
				134B586E2514D98A0026000D /* UIImage+Extension.swift in Sources */,
				134B587A251528880026000D /* FantasmoHttpRouter.swift in Sources */,
				134B58672514D8B30026000D /* TOSPose.swift in Sources */,
				134B58692514D8DF0026000D /* TOSPosition.swift in Sources */,
				134B587C251528B40026000D /* HttpRouter.swift in Sources */,
			);
			runOnlyForDeploymentPostprocessing = 0;
		};
		18764CF12513A95800F8BA7D /* Sources */ = {
			isa = PBXSourcesBuildPhase;
			buildActionMask = 2147483647;
			files = (
				18764CFB2513A95800F8BA7D /* FantasmoSDKTests.swift in Sources */,
			);
			runOnlyForDeploymentPostprocessing = 0;
		};
/* End PBXSourcesBuildPhase section */

/* Begin PBXTargetDependency section */
		18764CF82513A95800F8BA7D /* PBXTargetDependency */ = {
			isa = PBXTargetDependency;
			target = 18764CEB2513A95700F8BA7D /* FantasmoSDK */;
			targetProxy = 18764CF72513A95800F8BA7D /* PBXContainerItemProxy */;
		};
/* End PBXTargetDependency section */

/* Begin XCBuildConfiguration section */
		18764CFE2513A95800F8BA7D /* Debug */ = {
			isa = XCBuildConfiguration;
			buildSettings = {
				ALWAYS_SEARCH_USER_PATHS = NO;
				CLANG_ANALYZER_NONNULL = YES;
				CLANG_ANALYZER_NUMBER_OBJECT_CONVERSION = YES_AGGRESSIVE;
				CLANG_CXX_LANGUAGE_STANDARD = "gnu++14";
				CLANG_CXX_LIBRARY = "libc++";
				CLANG_ENABLE_MODULES = YES;
				CLANG_ENABLE_OBJC_ARC = YES;
				CLANG_ENABLE_OBJC_WEAK = YES;
				CLANG_WARN_BLOCK_CAPTURE_AUTORELEASING = YES;
				CLANG_WARN_BOOL_CONVERSION = YES;
				CLANG_WARN_COMMA = YES;
				CLANG_WARN_CONSTANT_CONVERSION = YES;
				CLANG_WARN_DEPRECATED_OBJC_IMPLEMENTATIONS = YES;
				CLANG_WARN_DIRECT_OBJC_ISA_USAGE = YES_ERROR;
				CLANG_WARN_DOCUMENTATION_COMMENTS = YES;
				CLANG_WARN_EMPTY_BODY = YES;
				CLANG_WARN_ENUM_CONVERSION = YES;
				CLANG_WARN_INFINITE_RECURSION = YES;
				CLANG_WARN_INT_CONVERSION = YES;
				CLANG_WARN_NON_LITERAL_NULL_CONVERSION = YES;
				CLANG_WARN_OBJC_IMPLICIT_RETAIN_SELF = YES;
				CLANG_WARN_OBJC_LITERAL_CONVERSION = YES;
				CLANG_WARN_OBJC_ROOT_CLASS = YES_ERROR;
				CLANG_WARN_RANGE_LOOP_ANALYSIS = YES;
				CLANG_WARN_STRICT_PROTOTYPES = YES;
				CLANG_WARN_SUSPICIOUS_MOVE = YES;
				CLANG_WARN_UNGUARDED_AVAILABILITY = YES_AGGRESSIVE;
				CLANG_WARN_UNREACHABLE_CODE = YES;
				CLANG_WARN__DUPLICATE_METHOD_MATCH = YES;
				COPY_PHASE_STRIP = NO;
				CURRENT_PROJECT_VERSION = 1;
				DEBUG_INFORMATION_FORMAT = dwarf;
				ENABLE_STRICT_OBJC_MSGSEND = YES;
				ENABLE_TESTABILITY = YES;
				GCC_C_LANGUAGE_STANDARD = gnu11;
				GCC_DYNAMIC_NO_PIC = NO;
				GCC_NO_COMMON_BLOCKS = YES;
				GCC_OPTIMIZATION_LEVEL = 0;
				GCC_PREPROCESSOR_DEFINITIONS = (
					"DEBUG=1",
					"$(inherited)",
				);
				GCC_WARN_64_TO_32_BIT_CONVERSION = YES;
				GCC_WARN_ABOUT_RETURN_TYPE = YES_ERROR;
				GCC_WARN_UNDECLARED_SELECTOR = YES;
				GCC_WARN_UNINITIALIZED_AUTOS = YES_AGGRESSIVE;
				GCC_WARN_UNUSED_FUNCTION = YES;
				GCC_WARN_UNUSED_VARIABLE = YES;
				IPHONEOS_DEPLOYMENT_TARGET = 13.6;
				MTL_ENABLE_DEBUG_INFO = INCLUDE_SOURCE;
				MTL_FAST_MATH = YES;
				ONLY_ACTIVE_ARCH = YES;
				SDKROOT = iphoneos;
				SWIFT_ACTIVE_COMPILATION_CONDITIONS = DEBUG;
				SWIFT_OPTIMIZATION_LEVEL = "-Onone";
				VERSIONING_SYSTEM = "apple-generic";
				VERSION_INFO_PREFIX = "";
			};
			name = Debug;
		};
		18764CFF2513A95800F8BA7D /* Release */ = {
			isa = XCBuildConfiguration;
			buildSettings = {
				ALWAYS_SEARCH_USER_PATHS = NO;
				CLANG_ANALYZER_NONNULL = YES;
				CLANG_ANALYZER_NUMBER_OBJECT_CONVERSION = YES_AGGRESSIVE;
				CLANG_CXX_LANGUAGE_STANDARD = "gnu++14";
				CLANG_CXX_LIBRARY = "libc++";
				CLANG_ENABLE_MODULES = YES;
				CLANG_ENABLE_OBJC_ARC = YES;
				CLANG_ENABLE_OBJC_WEAK = YES;
				CLANG_WARN_BLOCK_CAPTURE_AUTORELEASING = YES;
				CLANG_WARN_BOOL_CONVERSION = YES;
				CLANG_WARN_COMMA = YES;
				CLANG_WARN_CONSTANT_CONVERSION = YES;
				CLANG_WARN_DEPRECATED_OBJC_IMPLEMENTATIONS = YES;
				CLANG_WARN_DIRECT_OBJC_ISA_USAGE = YES_ERROR;
				CLANG_WARN_DOCUMENTATION_COMMENTS = YES;
				CLANG_WARN_EMPTY_BODY = YES;
				CLANG_WARN_ENUM_CONVERSION = YES;
				CLANG_WARN_INFINITE_RECURSION = YES;
				CLANG_WARN_INT_CONVERSION = YES;
				CLANG_WARN_NON_LITERAL_NULL_CONVERSION = YES;
				CLANG_WARN_OBJC_IMPLICIT_RETAIN_SELF = YES;
				CLANG_WARN_OBJC_LITERAL_CONVERSION = YES;
				CLANG_WARN_OBJC_ROOT_CLASS = YES_ERROR;
				CLANG_WARN_RANGE_LOOP_ANALYSIS = YES;
				CLANG_WARN_STRICT_PROTOTYPES = YES;
				CLANG_WARN_SUSPICIOUS_MOVE = YES;
				CLANG_WARN_UNGUARDED_AVAILABILITY = YES_AGGRESSIVE;
				CLANG_WARN_UNREACHABLE_CODE = YES;
				CLANG_WARN__DUPLICATE_METHOD_MATCH = YES;
				COPY_PHASE_STRIP = NO;
				CURRENT_PROJECT_VERSION = 1;
				DEBUG_INFORMATION_FORMAT = "dwarf-with-dsym";
				ENABLE_NS_ASSERTIONS = NO;
				ENABLE_STRICT_OBJC_MSGSEND = YES;
				GCC_C_LANGUAGE_STANDARD = gnu11;
				GCC_NO_COMMON_BLOCKS = YES;
				GCC_WARN_64_TO_32_BIT_CONVERSION = YES;
				GCC_WARN_ABOUT_RETURN_TYPE = YES_ERROR;
				GCC_WARN_UNDECLARED_SELECTOR = YES;
				GCC_WARN_UNINITIALIZED_AUTOS = YES_AGGRESSIVE;
				GCC_WARN_UNUSED_FUNCTION = YES;
				GCC_WARN_UNUSED_VARIABLE = YES;
				IPHONEOS_DEPLOYMENT_TARGET = 13.6;
				MTL_ENABLE_DEBUG_INFO = NO;
				MTL_FAST_MATH = YES;
				SDKROOT = iphoneos;
				SWIFT_COMPILATION_MODE = wholemodule;
				SWIFT_OPTIMIZATION_LEVEL = "-O";
				VALIDATE_PRODUCT = YES;
				VERSIONING_SYSTEM = "apple-generic";
				VERSION_INFO_PREFIX = "";
			};
			name = Release;
		};
		18764D012513A95800F8BA7D /* Debug */ = {
			isa = XCBuildConfiguration;
			baseConfigurationReference = CDB17B9B04EF522AF3BA7502 /* Pods-FantasmoSDK.debug.xcconfig */;
			buildSettings = {
				CLANG_ENABLE_MODULES = YES;
				CODE_SIGN_STYLE = Automatic;
				DEFINES_MODULE = YES;
				DEVELOPMENT_TEAM = F5HSZTHF6Q;
				DYLIB_COMPATIBILITY_VERSION = 1;
				DYLIB_CURRENT_VERSION = 1;
				DYLIB_INSTALL_NAME_BASE = "@rpath";
				INFOPLIST_FILE = FantasmoSDK/Info.plist;
				INSTALL_PATH = "$(LOCAL_LIBRARY_DIR)/Frameworks";
				IPHONEOS_DEPLOYMENT_TARGET = 13.5;
				LD_RUNPATH_SEARCH_PATHS = (
					"$(inherited)",
					"@executable_path/Frameworks",
					"@loader_path/Frameworks",
				);
				PRODUCT_BUNDLE_IDENTIFIER = io.fantasmo.FantasmoSDK;
				PRODUCT_NAME = "$(TARGET_NAME:c99extidentifier)";
				SKIP_INSTALL = YES;
				SWIFT_OPTIMIZATION_LEVEL = "-Onone";
				SWIFT_VERSION = 5.0;
				TARGETED_DEVICE_FAMILY = "1,2";
			};
			name = Debug;
		};
		18764D022513A95800F8BA7D /* Release */ = {
			isa = XCBuildConfiguration;
			baseConfigurationReference = E8C43D9A70097810712F51FB /* Pods-FantasmoSDK.release.xcconfig */;
			buildSettings = {
				CLANG_ENABLE_MODULES = YES;
				CODE_SIGN_STYLE = Automatic;
				DEFINES_MODULE = YES;
				DEVELOPMENT_TEAM = F5HSZTHF6Q;
				DYLIB_COMPATIBILITY_VERSION = 1;
				DYLIB_CURRENT_VERSION = 1;
				DYLIB_INSTALL_NAME_BASE = "@rpath";
				INFOPLIST_FILE = FantasmoSDK/Info.plist;
				INSTALL_PATH = "$(LOCAL_LIBRARY_DIR)/Frameworks";
				IPHONEOS_DEPLOYMENT_TARGET = 13.5;
				LD_RUNPATH_SEARCH_PATHS = (
					"$(inherited)",
					"@executable_path/Frameworks",
					"@loader_path/Frameworks",
				);
				PRODUCT_BUNDLE_IDENTIFIER = io.fantasmo.FantasmoSDK;
				PRODUCT_NAME = "$(TARGET_NAME:c99extidentifier)";
				SKIP_INSTALL = YES;
				SWIFT_VERSION = 5.0;
				TARGETED_DEVICE_FAMILY = "1,2";
			};
			name = Release;
		};
		18764D042513A95800F8BA7D /* Debug */ = {
			isa = XCBuildConfiguration;
			baseConfigurationReference = 807BA55911BE05EFE0B6139A /* Pods-FantasmoSDK-FantasmoSDKTests.debug.xcconfig */;
			buildSettings = {
				ALWAYS_EMBED_SWIFT_STANDARD_LIBRARIES = YES;
				CODE_SIGN_STYLE = Automatic;
				DEVELOPMENT_TEAM = F5HSZTHF6Q;
				INFOPLIST_FILE = FantasmoSDKTests/Info.plist;
				IPHONEOS_DEPLOYMENT_TARGET = 13.5;
				LD_RUNPATH_SEARCH_PATHS = (
					"$(inherited)",
					"@executable_path/Frameworks",
					"@loader_path/Frameworks",
				);
				PRODUCT_BUNDLE_IDENTIFIER = com.fantasmo.FantasmoSDKTests;
				PRODUCT_NAME = "$(TARGET_NAME)";
				SWIFT_VERSION = 5.0;
				TARGETED_DEVICE_FAMILY = "1,2";
			};
			name = Debug;
		};
		18764D052513A95800F8BA7D /* Release */ = {
			isa = XCBuildConfiguration;
			baseConfigurationReference = CF3D42D3497B87C1D5CEA4DC /* Pods-FantasmoSDK-FantasmoSDKTests.release.xcconfig */;
			buildSettings = {
				ALWAYS_EMBED_SWIFT_STANDARD_LIBRARIES = YES;
				CODE_SIGN_STYLE = Automatic;
				DEVELOPMENT_TEAM = F5HSZTHF6Q;
				INFOPLIST_FILE = FantasmoSDKTests/Info.plist;
				IPHONEOS_DEPLOYMENT_TARGET = 13.5;
				LD_RUNPATH_SEARCH_PATHS = (
					"$(inherited)",
					"@executable_path/Frameworks",
					"@loader_path/Frameworks",
				);
				PRODUCT_BUNDLE_IDENTIFIER = com.fantasmo.FantasmoSDKTests;
				PRODUCT_NAME = "$(TARGET_NAME)";
				SWIFT_VERSION = 5.0;
				TARGETED_DEVICE_FAMILY = "1,2";
			};
			name = Release;
		};
/* End XCBuildConfiguration section */

/* Begin XCConfigurationList section */
		18764CE62513A95700F8BA7D /* Build configuration list for PBXProject "FantasmoSDK" */ = {
			isa = XCConfigurationList;
			buildConfigurations = (
				18764CFE2513A95800F8BA7D /* Debug */,
				18764CFF2513A95800F8BA7D /* Release */,
			);
			defaultConfigurationIsVisible = 0;
			defaultConfigurationName = Release;
		};
		18764D002513A95800F8BA7D /* Build configuration list for PBXNativeTarget "FantasmoSDK" */ = {
			isa = XCConfigurationList;
			buildConfigurations = (
				18764D012513A95800F8BA7D /* Debug */,
				18764D022513A95800F8BA7D /* Release */,
			);
			defaultConfigurationIsVisible = 0;
			defaultConfigurationName = Release;
		};
		18764D032513A95800F8BA7D /* Build configuration list for PBXNativeTarget "FantasmoSDKTests" */ = {
			isa = XCConfigurationList;
			buildConfigurations = (
				18764D042513A95800F8BA7D /* Debug */,
				18764D052513A95800F8BA7D /* Release */,
			);
			defaultConfigurationIsVisible = 0;
			defaultConfigurationName = Release;
		};
/* End XCConfigurationList section */
	};
	rootObject = 18764CE32513A95700F8BA7D /* Project object */;
}
