// !$*UTF8*$!
{
	archiveVersion = 1;
	classes = {
	};
	objectVersion = 51;
	objects = {

/* Begin PBXBuildFile section */
		780EBAAE5BB41AF7A2378B3B /* Pods_FantasmoDemo.framework in Frameworks */ = {isa = PBXBuildFile; fileRef = 8FD537E5DAC20B72F3BD817F /* Pods_FantasmoDemo.framework */; };
		9424F1BA259CC3C50045B463 /* AppDelegate.swift in Sources */ = {isa = PBXBuildFile; fileRef = 9424F1B9259CC3C50045B463 /* AppDelegate.swift */; };
		9424F1BC259CC3C50045B463 /* SceneDelegate.swift in Sources */ = {isa = PBXBuildFile; fileRef = 9424F1BB259CC3C50045B463 /* SceneDelegate.swift */; };
		9424F1BE259CC3C50045B463 /* ViewController.swift in Sources */ = {isa = PBXBuildFile; fileRef = 9424F1BD259CC3C50045B463 /* ViewController.swift */; };
		9424F1C1259CC3C50045B463 /* Main.storyboard in Resources */ = {isa = PBXBuildFile; fileRef = 9424F1BF259CC3C50045B463 /* Main.storyboard */; };
		9424F1C3259CC3C70045B463 /* Assets.xcassets in Resources */ = {isa = PBXBuildFile; fileRef = 9424F1C2259CC3C70045B463 /* Assets.xcassets */; };
		9424F1C6259CC3C70045B463 /* LaunchScreen.storyboard in Resources */ = {isa = PBXBuildFile; fileRef = 9424F1C4259CC3C70045B463 /* LaunchScreen.storyboard */; };
/* End PBXBuildFile section */

/* Begin PBXFileReference section */
		8FD537E5DAC20B72F3BD817F /* Pods_FantasmoDemo.framework */ = {isa = PBXFileReference; explicitFileType = wrapper.framework; includeInIndex = 0; path = Pods_FantasmoDemo.framework; sourceTree = BUILT_PRODUCTS_DIR; };
		9424F1B6259CC3C50045B463 /* FantasmoDemo.app */ = {isa = PBXFileReference; explicitFileType = wrapper.application; includeInIndex = 0; path = FantasmoDemo.app; sourceTree = BUILT_PRODUCTS_DIR; };
		9424F1B9259CC3C50045B463 /* AppDelegate.swift */ = {isa = PBXFileReference; lastKnownFileType = sourcecode.swift; path = AppDelegate.swift; sourceTree = "<group>"; };
		9424F1BB259CC3C50045B463 /* SceneDelegate.swift */ = {isa = PBXFileReference; lastKnownFileType = sourcecode.swift; path = SceneDelegate.swift; sourceTree = "<group>"; };
		9424F1BD259CC3C50045B463 /* ViewController.swift */ = {isa = PBXFileReference; lastKnownFileType = sourcecode.swift; path = ViewController.swift; sourceTree = "<group>"; };
		9424F1C0259CC3C50045B463 /* Base */ = {isa = PBXFileReference; lastKnownFileType = file.storyboard; name = Base; path = Base.lproj/Main.storyboard; sourceTree = "<group>"; };
		9424F1C2259CC3C70045B463 /* Assets.xcassets */ = {isa = PBXFileReference; lastKnownFileType = folder.assetcatalog; path = Assets.xcassets; sourceTree = "<group>"; };
		9424F1C5259CC3C70045B463 /* Base */ = {isa = PBXFileReference; lastKnownFileType = file.storyboard; name = Base; path = Base.lproj/LaunchScreen.storyboard; sourceTree = "<group>"; };
		9424F1C7259CC3C70045B463 /* Info.plist */ = {isa = PBXFileReference; lastKnownFileType = text.plist.xml; path = Info.plist; sourceTree = "<group>"; };
		D1DCF6B344A9CFA7E5EA7136 /* Pods-FantasmoDemo.release.xcconfig */ = {isa = PBXFileReference; includeInIndex = 1; lastKnownFileType = text.xcconfig; name = "Pods-FantasmoDemo.release.xcconfig"; path = "Target Support Files/Pods-FantasmoDemo/Pods-FantasmoDemo.release.xcconfig"; sourceTree = "<group>"; };
		E7CEF0E1965EED16ECD50210 /* Pods-FantasmoDemo.debug.xcconfig */ = {isa = PBXFileReference; includeInIndex = 1; lastKnownFileType = text.xcconfig; name = "Pods-FantasmoDemo.debug.xcconfig"; path = "Target Support Files/Pods-FantasmoDemo/Pods-FantasmoDemo.debug.xcconfig"; sourceTree = "<group>"; };
/* End PBXFileReference section */

/* Begin PBXFrameworksBuildPhase section */
		9424F1B3259CC3C50045B463 /* Frameworks */ = {
			isa = PBXFrameworksBuildPhase;
			buildActionMask = 2147483647;
			files = (
				780EBAAE5BB41AF7A2378B3B /* Pods_FantasmoDemo.framework in Frameworks */,
			);
			runOnlyForDeploymentPostprocessing = 0;
		};
/* End PBXFrameworksBuildPhase section */

/* Begin PBXGroup section */
		735BE276E21F3D8CC3F340F3 /* Pods */ = {
			isa = PBXGroup;
			children = (
				E7CEF0E1965EED16ECD50210 /* Pods-FantasmoDemo.debug.xcconfig */,
				D1DCF6B344A9CFA7E5EA7136 /* Pods-FantasmoDemo.release.xcconfig */,
			);
			path = Pods;
			sourceTree = "<group>";
		};
		9424F1AD259CC3C50045B463 = {
			isa = PBXGroup;
			children = (
				9424F1B8259CC3C50045B463 /* FantasmoDemo */,
				9424F1B7259CC3C50045B463 /* Products */,
				735BE276E21F3D8CC3F340F3 /* Pods */,
				B78EF734F230E81D7A6D0481 /* Frameworks */,
			);
			sourceTree = "<group>";
		};
		9424F1B7259CC3C50045B463 /* Products */ = {
			isa = PBXGroup;
			children = (
				9424F1B6259CC3C50045B463 /* FantasmoDemo.app */,
			);
			name = Products;
			sourceTree = "<group>";
		};
		9424F1B8259CC3C50045B463 /* FantasmoDemo */ = {
			isa = PBXGroup;
			children = (
				9424F1B9259CC3C50045B463 /* AppDelegate.swift */,
				9424F1BB259CC3C50045B463 /* SceneDelegate.swift */,
				9424F1BD259CC3C50045B463 /* ViewController.swift */,
				9424F1BF259CC3C50045B463 /* Main.storyboard */,
				9424F1C2259CC3C70045B463 /* Assets.xcassets */,
				9424F1C4259CC3C70045B463 /* LaunchScreen.storyboard */,
				9424F1C7259CC3C70045B463 /* Info.plist */,
			);
			path = FantasmoDemo;
			sourceTree = "<group>";
		};
		B78EF734F230E81D7A6D0481 /* Frameworks */ = {
			isa = PBXGroup;
			children = (
				8FD537E5DAC20B72F3BD817F /* Pods_FantasmoDemo.framework */,
			);
			name = Frameworks;
			sourceTree = "<group>";
		};
/* End PBXGroup section */

/* Begin PBXNativeTarget section */
		9424F1B5259CC3C50045B463 /* FantasmoDemo */ = {
			isa = PBXNativeTarget;
			buildConfigurationList = 9424F1CA259CC3C70045B463 /* Build configuration list for PBXNativeTarget "FantasmoDemo" */;
			buildPhases = (
				86B39003B8C1F81A78A15B9F /* [CP] Check Pods Manifest.lock */,
				9424F1B2259CC3C50045B463 /* Sources */,
				9424F1B3259CC3C50045B463 /* Frameworks */,
				9424F1B4259CC3C50045B463 /* Resources */,
				303AD853BDDB52E2D7E21D81 /* [CP] Embed Pods Frameworks */,
			);
			buildRules = (
			);
			dependencies = (
			);
			name = FantasmoDemo;
			productName = FantasmoDemo;
			productReference = 9424F1B6259CC3C50045B463 /* FantasmoDemo.app */;
			productType = "com.apple.product-type.application";
		};
/* End PBXNativeTarget section */

/* Begin PBXProject section */
		9424F1AE259CC3C50045B463 /* Project object */ = {
			isa = PBXProject;
			attributes = {
				LastSwiftUpdateCheck = 1220;
				LastUpgradeCheck = 1220;
				TargetAttributes = {
					9424F1B5259CC3C50045B463 = {
						CreatedOnToolsVersion = 12.2;
					};
				};
			};
			buildConfigurationList = 9424F1B1259CC3C50045B463 /* Build configuration list for PBXProject "FantasmoDemo" */;
			compatibilityVersion = "Xcode 9.3";
			developmentRegion = en;
			hasScannedForEncodings = 0;
			knownRegions = (
				en,
				Base,
			);
			mainGroup = 9424F1AD259CC3C50045B463;
			productRefGroup = 9424F1B7259CC3C50045B463 /* Products */;
			projectDirPath = "";
			projectRoot = "";
			targets = (
				9424F1B5259CC3C50045B463 /* FantasmoDemo */,
			);
		};
/* End PBXProject section */

/* Begin PBXResourcesBuildPhase section */
		9424F1B4259CC3C50045B463 /* Resources */ = {
			isa = PBXResourcesBuildPhase;
			buildActionMask = 2147483647;
			files = (
				9424F1C6259CC3C70045B463 /* LaunchScreen.storyboard in Resources */,
				9424F1C3259CC3C70045B463 /* Assets.xcassets in Resources */,
				9424F1C1259CC3C50045B463 /* Main.storyboard in Resources */,
			);
			runOnlyForDeploymentPostprocessing = 0;
		};
/* End PBXResourcesBuildPhase section */

/* Begin PBXShellScriptBuildPhase section */
		303AD853BDDB52E2D7E21D81 /* [CP] Embed Pods Frameworks */ = {
			isa = PBXShellScriptBuildPhase;
			buildActionMask = 2147483647;
			files = (
			);
			inputFileListPaths = (
				"${PODS_ROOT}/Target Support Files/Pods-FantasmoDemo/Pods-FantasmoDemo-frameworks-${CONFIGURATION}-input-files.xcfilelist",
			);
			name = "[CP] Embed Pods Frameworks";
			outputFileListPaths = (
				"${PODS_ROOT}/Target Support Files/Pods-FantasmoDemo/Pods-FantasmoDemo-frameworks-${CONFIGURATION}-output-files.xcfilelist",
			);
			runOnlyForDeploymentPostprocessing = 0;
			shellPath = /bin/sh;
			shellScript = "\"${PODS_ROOT}/Target Support Files/Pods-FantasmoDemo/Pods-FantasmoDemo-frameworks.sh\"\n";
			showEnvVarsInLog = 0;
		};
		86B39003B8C1F81A78A15B9F /* [CP] Check Pods Manifest.lock */ = {
			isa = PBXShellScriptBuildPhase;
			buildActionMask = 2147483647;
			files = (
			);
			inputFileListPaths = (
			);
			inputPaths = (
				"${PODS_PODFILE_DIR_PATH}/Podfile.lock",
				"${PODS_ROOT}/Manifest.lock",
			);
			name = "[CP] Check Pods Manifest.lock";
			outputFileListPaths = (
			);
			outputPaths = (
				"$(DERIVED_FILE_DIR)/Pods-FantasmoDemo-checkManifestLockResult.txt",
			);
			runOnlyForDeploymentPostprocessing = 0;
			shellPath = /bin/sh;
			shellScript = "diff \"${PODS_PODFILE_DIR_PATH}/Podfile.lock\" \"${PODS_ROOT}/Manifest.lock\" > /dev/null\nif [ $? != 0 ] ; then\n    # print error to STDERR\n    echo \"error: The sandbox is not in sync with the Podfile.lock. Run 'pod install' or update your CocoaPods installation.\" >&2\n    exit 1\nfi\n# This output is used by Xcode 'outputs' to avoid re-running this script phase.\necho \"SUCCESS\" > \"${SCRIPT_OUTPUT_FILE_0}\"\n";
			showEnvVarsInLog = 0;
		};
/* End PBXShellScriptBuildPhase section */

/* Begin PBXSourcesBuildPhase section */
		9424F1B2259CC3C50045B463 /* Sources */ = {
			isa = PBXSourcesBuildPhase;
			buildActionMask = 2147483647;
			files = (
				9424F1BE259CC3C50045B463 /* ViewController.swift in Sources */,
				9424F1BA259CC3C50045B463 /* AppDelegate.swift in Sources */,
				9424F1BC259CC3C50045B463 /* SceneDelegate.swift in Sources */,
			);
			runOnlyForDeploymentPostprocessing = 0;
		};
/* End PBXSourcesBuildPhase section */

/* Begin PBXVariantGroup section */
		9424F1BF259CC3C50045B463 /* Main.storyboard */ = {
			isa = PBXVariantGroup;
			children = (
				9424F1C0259CC3C50045B463 /* Base */,
			);
			name = Main.storyboard;
			sourceTree = "<group>";
		};
		9424F1C4259CC3C70045B463 /* LaunchScreen.storyboard */ = {
			isa = PBXVariantGroup;
			children = (
				9424F1C5259CC3C70045B463 /* Base */,
			);
			name = LaunchScreen.storyboard;
			sourceTree = "<group>";
		};
/* End PBXVariantGroup section */

/* Begin XCBuildConfiguration section */
		9424F1C8259CC3C70045B463 /* Debug */ = {
			isa = XCBuildConfiguration;
			buildSettings = {
				ALWAYS_SEARCH_USER_PATHS = NO;
				CLANG_ANALYZER_NONNULL = YES;
				CLANG_ANALYZER_NUMBER_OBJECT_CONVERSION = YES_AGGRESSIVE;
				CLANG_CXX_LANGUAGE_STANDARD = "gnu++14";
				CLANG_CXX_LIBRARY = "libc++";
				CLANG_ENABLE_MODULES = YES;
				CLANG_ENABLE_OBJC_ARC = YES;
				CLANG_ENABLE_OBJC_WEAK = YES;
				CLANG_WARN_BLOCK_CAPTURE_AUTORELEASING = YES;
				CLANG_WARN_BOOL_CONVERSION = YES;
				CLANG_WARN_COMMA = YES;
				CLANG_WARN_CONSTANT_CONVERSION = YES;
				CLANG_WARN_DEPRECATED_OBJC_IMPLEMENTATIONS = YES;
				CLANG_WARN_DIRECT_OBJC_ISA_USAGE = YES_ERROR;
				CLANG_WARN_DOCUMENTATION_COMMENTS = YES;
				CLANG_WARN_EMPTY_BODY = YES;
				CLANG_WARN_ENUM_CONVERSION = YES;
				CLANG_WARN_INFINITE_RECURSION = YES;
				CLANG_WARN_INT_CONVERSION = YES;
				CLANG_WARN_NON_LITERAL_NULL_CONVERSION = YES;
				CLANG_WARN_OBJC_IMPLICIT_RETAIN_SELF = YES;
				CLANG_WARN_OBJC_LITERAL_CONVERSION = YES;
				CLANG_WARN_OBJC_ROOT_CLASS = YES_ERROR;
				CLANG_WARN_QUOTED_INCLUDE_IN_FRAMEWORK_HEADER = YES;
				CLANG_WARN_RANGE_LOOP_ANALYSIS = YES;
				CLANG_WARN_STRICT_PROTOTYPES = YES;
				CLANG_WARN_SUSPICIOUS_MOVE = YES;
				CLANG_WARN_UNGUARDED_AVAILABILITY = YES_AGGRESSIVE;
				CLANG_WARN_UNREACHABLE_CODE = YES;
				CLANG_WARN__DUPLICATE_METHOD_MATCH = YES;
				COPY_PHASE_STRIP = NO;
				DEBUG_INFORMATION_FORMAT = dwarf;
				ENABLE_STRICT_OBJC_MSGSEND = YES;
				ENABLE_TESTABILITY = YES;
				GCC_C_LANGUAGE_STANDARD = gnu11;
				GCC_DYNAMIC_NO_PIC = NO;
				GCC_NO_COMMON_BLOCKS = YES;
				GCC_OPTIMIZATION_LEVEL = 0;
				GCC_PREPROCESSOR_DEFINITIONS = (
					"DEBUG=1",
					"$(inherited)",
				);
				GCC_WARN_64_TO_32_BIT_CONVERSION = YES;
				GCC_WARN_ABOUT_RETURN_TYPE = YES_ERROR;
				GCC_WARN_UNDECLARED_SELECTOR = YES;
				GCC_WARN_UNINITIALIZED_AUTOS = YES_AGGRESSIVE;
				GCC_WARN_UNUSED_FUNCTION = YES;
				GCC_WARN_UNUSED_VARIABLE = YES;
				IPHONEOS_DEPLOYMENT_TARGET = 14.2;
				MTL_ENABLE_DEBUG_INFO = INCLUDE_SOURCE;
				MTL_FAST_MATH = YES;
				ONLY_ACTIVE_ARCH = YES;
				SDKROOT = iphoneos;
				SWIFT_ACTIVE_COMPILATION_CONDITIONS = DEBUG;
				SWIFT_OPTIMIZATION_LEVEL = "-Onone";
			};
			name = Debug;
		};
		9424F1C9259CC3C70045B463 /* Release */ = {
			isa = XCBuildConfiguration;
			buildSettings = {
				ALWAYS_SEARCH_USER_PATHS = NO;
				CLANG_ANALYZER_NONNULL = YES;
				CLANG_ANALYZER_NUMBER_OBJECT_CONVERSION = YES_AGGRESSIVE;
				CLANG_CXX_LANGUAGE_STANDARD = "gnu++14";
				CLANG_CXX_LIBRARY = "libc++";
				CLANG_ENABLE_MODULES = YES;
				CLANG_ENABLE_OBJC_ARC = YES;
				CLANG_ENABLE_OBJC_WEAK = YES;
				CLANG_WARN_BLOCK_CAPTURE_AUTORELEASING = YES;
				CLANG_WARN_BOOL_CONVERSION = YES;
				CLANG_WARN_COMMA = YES;
				CLANG_WARN_CONSTANT_CONVERSION = YES;
				CLANG_WARN_DEPRECATED_OBJC_IMPLEMENTATIONS = YES;
				CLANG_WARN_DIRECT_OBJC_ISA_USAGE = YES_ERROR;
				CLANG_WARN_DOCUMENTATION_COMMENTS = YES;
				CLANG_WARN_EMPTY_BODY = YES;
				CLANG_WARN_ENUM_CONVERSION = YES;
				CLANG_WARN_INFINITE_RECURSION = YES;
				CLANG_WARN_INT_CONVERSION = YES;
				CLANG_WARN_NON_LITERAL_NULL_CONVERSION = YES;
				CLANG_WARN_OBJC_IMPLICIT_RETAIN_SELF = YES;
				CLANG_WARN_OBJC_LITERAL_CONVERSION = YES;
				CLANG_WARN_OBJC_ROOT_CLASS = YES_ERROR;
				CLANG_WARN_QUOTED_INCLUDE_IN_FRAMEWORK_HEADER = YES;
				CLANG_WARN_RANGE_LOOP_ANALYSIS = YES;
				CLANG_WARN_STRICT_PROTOTYPES = YES;
				CLANG_WARN_SUSPICIOUS_MOVE = YES;
				CLANG_WARN_UNGUARDED_AVAILABILITY = YES_AGGRESSIVE;
				CLANG_WARN_UNREACHABLE_CODE = YES;
				CLANG_WARN__DUPLICATE_METHOD_MATCH = YES;
				COPY_PHASE_STRIP = NO;
				DEBUG_INFORMATION_FORMAT = "dwarf-with-dsym";
				ENABLE_NS_ASSERTIONS = NO;
				ENABLE_STRICT_OBJC_MSGSEND = YES;
				GCC_C_LANGUAGE_STANDARD = gnu11;
				GCC_NO_COMMON_BLOCKS = YES;
				GCC_WARN_64_TO_32_BIT_CONVERSION = YES;
				GCC_WARN_ABOUT_RETURN_TYPE = YES_ERROR;
				GCC_WARN_UNDECLARED_SELECTOR = YES;
				GCC_WARN_UNINITIALIZED_AUTOS = YES_AGGRESSIVE;
				GCC_WARN_UNUSED_FUNCTION = YES;
				GCC_WARN_UNUSED_VARIABLE = YES;
				IPHONEOS_DEPLOYMENT_TARGET = 14.2;
				MTL_ENABLE_DEBUG_INFO = NO;
				MTL_FAST_MATH = YES;
				SDKROOT = iphoneos;
				SWIFT_COMPILATION_MODE = wholemodule;
				SWIFT_OPTIMIZATION_LEVEL = "-O";
				VALIDATE_PRODUCT = YES;
			};
			name = Release;
		};
		9424F1CB259CC3C70045B463 /* Debug */ = {
			isa = XCBuildConfiguration;
			baseConfigurationReference = E7CEF0E1965EED16ECD50210 /* Pods-FantasmoDemo.debug.xcconfig */;
			buildSettings = {
				ASSETCATALOG_COMPILER_APPICON_NAME = AppIcon;
				ASSETCATALOG_COMPILER_GLOBAL_ACCENT_COLOR_NAME = AccentColor;
				CODE_SIGN_STYLE = Automatic;
				DEVELOPMENT_TEAM = 8V8339VAMG;
				INFOPLIST_FILE = FantasmoDemo/Info.plist;
				IPHONEOS_DEPLOYMENT_TARGET = 14.0;
				LD_RUNPATH_SEARCH_PATHS = (
					"$(inherited)",
					"@executable_path/Frameworks",
				);
				PRODUCT_BUNDLE_IDENTIFIER = org.cocoapods.demo.FantasmoDemo;
				PRODUCT_NAME = "$(TARGET_NAME)";
				SWIFT_VERSION = 5.0;
				TARGETED_DEVICE_FAMILY = "1,2";
			};
			name = Debug;
		};
		9424F1CC259CC3C70045B463 /* Release */ = {
			isa = XCBuildConfiguration;
			baseConfigurationReference = D1DCF6B344A9CFA7E5EA7136 /* Pods-FantasmoDemo.release.xcconfig */;
			buildSettings = {
				ASSETCATALOG_COMPILER_APPICON_NAME = AppIcon;
				ASSETCATALOG_COMPILER_GLOBAL_ACCENT_COLOR_NAME = AccentColor;
				CODE_SIGN_STYLE = Automatic;
				DEVELOPMENT_TEAM = 8V8339VAMG;
				INFOPLIST_FILE = FantasmoDemo/Info.plist;
				IPHONEOS_DEPLOYMENT_TARGET = 14.0;
				LD_RUNPATH_SEARCH_PATHS = (
					"$(inherited)",
					"@executable_path/Frameworks",
				);
				PRODUCT_BUNDLE_IDENTIFIER = org.cocoapods.demo.FantasmoDemo;
				PRODUCT_NAME = "$(TARGET_NAME)";
				SWIFT_VERSION = 5.0;
				TARGETED_DEVICE_FAMILY = "1,2";
			};
			name = Release;
		};
/* End XCBuildConfiguration section */

/* Begin XCConfigurationList section */
		9424F1B1259CC3C50045B463 /* Build configuration list for PBXProject "FantasmoDemo" */ = {
			isa = XCConfigurationList;
			buildConfigurations = (
				9424F1C8259CC3C70045B463 /* Debug */,
				9424F1C9259CC3C70045B463 /* Release */,
			);
			defaultConfigurationIsVisible = 0;
			defaultConfigurationName = Release;
		};
		9424F1CA259CC3C70045B463 /* Build configuration list for PBXNativeTarget "FantasmoDemo" */ = {
			isa = XCConfigurationList;
			buildConfigurations = (
				9424F1CB259CC3C70045B463 /* Debug */,
				9424F1CC259CC3C70045B463 /* Release */,
			);
			defaultConfigurationIsVisible = 0;
			defaultConfigurationName = Release;
		};
/* End XCConfigurationList section */
	};
	rootObject = 9424F1AE259CC3C50045B463 /* Project object */;
}
